// !$*UTF8*$!
{
	archiveVersion = 1;
	classes = {
	};
	objectVersion = 52;
	objects = {

/* Begin PBXBuildFile section */
		4B10F19A249A84300050EEF4 /* Localizable in Frameworks */ = {isa = PBXBuildFile; productRef = 4B10F199249A84300050EEF4 /* Localizable */; };
		4B10F19E249A85870050EEF4 /* Localizable.strings in Resources */ = {isa = PBXBuildFile; fileRef = 4B10F1A0249A85870050EEF4 /* Localizable.strings */; };
		4B10F1A4249A8BFC0050EEF4 /* Strings.swift in Sources */ = {isa = PBXBuildFile; fileRef = 4B10F1A3249A8BFC0050EEF4 /* Strings.swift */; };
		4B10F1A8249B988E0050EEF4 /* RideRepository.swift in Sources */ = {isa = PBXBuildFile; fileRef = 4B10F1A7249B988E0050EEF4 /* RideRepository.swift */; };
		4B10F1AA249B98B40050EEF4 /* Ride.swift in Sources */ = {isa = PBXBuildFile; fileRef = 4B10F1A9249B98B30050EEF4 /* Ride.swift */; };
		4B10F1AC249BDBA80050EEF4 /* HistoryView.swift in Sources */ = {isa = PBXBuildFile; fileRef = 4B10F1AB249BDBA80050EEF4 /* HistoryView.swift */; };
		4B10F1AE249BDC020050EEF4 /* HistoryViewModel.swift in Sources */ = {isa = PBXBuildFile; fileRef = 4B10F1AD249BDC020050EEF4 /* HistoryViewModel.swift */; };
		4B10F1B0249BDC1A0050EEF4 /* ViewModel.swift in Sources */ = {isa = PBXBuildFile; fileRef = 4B10F1AF249BDC1A0050EEF4 /* ViewModel.swift */; };
		4B10F1B2249BDE0D0050EEF4 /* RideViewDetails.swift in Sources */ = {isa = PBXBuildFile; fileRef = 4B10F1B1249BDE0D0050EEF4 /* RideViewDetails.swift */; };
		4B10F1B4249C944C0050EEF4 /* RideSummary.swift in Sources */ = {isa = PBXBuildFile; fileRef = 4B10F1B3249C944C0050EEF4 /* RideSummary.swift */; };
		4B10F1B6249C986E0050EEF4 /* RideCellView.swift in Sources */ = {isa = PBXBuildFile; fileRef = 4B10F1B5249C986E0050EEF4 /* RideCellView.swift */; };
		4B10F1B8249C98A30050EEF4 /* RideViewModel.swift in Sources */ = {isa = PBXBuildFile; fileRef = 4B10F1B7249C98A30050EEF4 /* RideViewModel.swift */; };
		4B10F1BA249D09DD0050EEF4 /* ValueDescriptionView.swift in Sources */ = {isa = PBXBuildFile; fileRef = 4B10F1B9249D09DD0050EEF4 /* ValueDescriptionView.swift */; };
		4B10F1BC249D0AD60050EEF4 /* MapSnapshotService.swift in Sources */ = {isa = PBXBuildFile; fileRef = 4B10F1BB249D0AD60050EEF4 /* MapSnapshotService.swift */; };
		4B10F1BE249D0DAC0050EEF4 /* MapImageLoader.swift in Sources */ = {isa = PBXBuildFile; fileRef = 4B10F1BD249D0DAC0050EEF4 /* MapImageLoader.swift */; };
		4B10F1C0249D0F090050EEF4 /* AsyncMapImage.swift in Sources */ = {isa = PBXBuildFile; fileRef = 4B10F1BF249D0F090050EEF4 /* AsyncMapImage.swift */; };
		4B10F1C2249D23A50050EEF4 /* MKMapSnapshotterSubscription.swift in Sources */ = {isa = PBXBuildFile; fileRef = 4B10F1C1249D23A50050EEF4 /* MKMapSnapshotterSubscription.swift */; };
		4B10F1C4249D2B260050EEF4 /* MKMapSnapshotter+Extension.swift in Sources */ = {isa = PBXBuildFile; fileRef = 4B10F1C3249D2B260050EEF4 /* MKMapSnapshotter+Extension.swift */; };
		4B10F1C6249D2CD90050EEF4 /* RideDetailsViewModel.swift in Sources */ = {isa = PBXBuildFile; fileRef = 4B10F1C5249D2CD90050EEF4 /* RideDetailsViewModel.swift */; };
		4B10F1CD249D53D30050EEF4 /* Track.swift in Sources */ = {isa = PBXBuildFile; fileRef = 4B10F1CC249D53D30050EEF4 /* Track.swift */; };
		4B10F1CF249D53DB0050EEF4 /* TrackPoint.swift in Sources */ = {isa = PBXBuildFile; fileRef = 4B10F1CE249D53DB0050EEF4 /* TrackPoint.swift */; };
		4B1CFB6D24B5A771004CFA02 /* TrackDrawer.swift in Sources */ = {isa = PBXBuildFile; fileRef = 4B1CFB6C24B5A771004CFA02 /* TrackDrawer.swift */; };
		4B1CFB6F24B5A788004CFA02 /* MarkerDrawer.swift in Sources */ = {isa = PBXBuildFile; fileRef = 4B1CFB6E24B5A788004CFA02 /* MarkerDrawer.swift */; };
		4B1CFB7724B6ECAD004CFA02 /* GPXUtils.swift in Sources */ = {isa = PBXBuildFile; fileRef = 4B1CFB7624B6ECAD004CFA02 /* GPXUtils.swift */; };
		4B1FF0B2249E2AA500D7AFF1 /* Collections+Extension.swift in Sources */ = {isa = PBXBuildFile; fileRef = 4B1FF0B1249E2AA500D7AFF1 /* Collections+Extension.swift */; };
		4B1FF0B4249E74DF00D7AFF1 /* Power.swift in Sources */ = {isa = PBXBuildFile; fileRef = 4B1FF0B3249E74DF00D7AFF1 /* Power.swift */; };
		4B1FF0B6249E7EC500D7AFF1 /* Energy.swift in Sources */ = {isa = PBXBuildFile; fileRef = 4B1FF0B5249E7EC500D7AFF1 /* Energy.swift */; };
		4B1FF0B8249E821C00D7AFF1 /* Weight.swift in Sources */ = {isa = PBXBuildFile; fileRef = 4B1FF0B7249E821C00D7AFF1 /* Weight.swift */; };
		4B1FF0BA249E923400D7AFF1 /* RideSummaryView.swift in Sources */ = {isa = PBXBuildFile; fileRef = 4B1FF0B9249E923400D7AFF1 /* RideSummaryView.swift */; };
		4B1FF0BC249E95A500D7AFF1 /* RideFullSummaryView.swift in Sources */ = {isa = PBXBuildFile; fileRef = 4B1FF0BB249E95A500D7AFF1 /* RideFullSummaryView.swift */; };
		4B208D8524A23943009E5F6C /* Location+Extension.swift in Sources */ = {isa = PBXBuildFile; fileRef = 4B208D8424A23943009E5F6C /* Location+Extension.swift */; };
		4B208D8724A246B8009E5F6C /* MapSnapshotProcessor.swift in Sources */ = {isa = PBXBuildFile; fileRef = 4B208D8624A246B8009E5F6C /* MapSnapshotProcessor.swift */; };
		4B208D8924A248F4009E5F6C /* RideTrackDrawer.swift in Sources */ = {isa = PBXBuildFile; fileRef = 4B208D8824A248F4009E5F6C /* RideTrackDrawer.swift */; };
		4B208D8B24A2695C009E5F6C /* Applicable.swift in Sources */ = {isa = PBXBuildFile; fileRef = 4B208D8A24A2695C009E5F6C /* Applicable.swift */; };
		4B208D8D24A273BF009E5F6C /* CGContext+Extensions.swift in Sources */ = {isa = PBXBuildFile; fileRef = 4B208D8C24A273BF009E5F6C /* CGContext+Extensions.swift */; };
		4B208D9724A36A89009E5F6C /* CodingUserInfoKey+Extensions.swift in Sources */ = {isa = PBXBuildFile; fileRef = 4B208D9624A36A89009E5F6C /* CodingUserInfoKey+Extensions.swift */; };
		4B208D9924A36A9C009E5F6C /* TrackPoint+Decodable.swift in Sources */ = {isa = PBXBuildFile; fileRef = 4B208D9824A36A9C009E5F6C /* TrackPoint+Decodable.swift */; };
		4B208D9B24A37656009E5F6C /* XMLDecoder.swift in Sources */ = {isa = PBXBuildFile; fileRef = 4B208D9A24A37656009E5F6C /* XMLDecoder.swift */; };
		4B208D9D24A37A75009E5F6C /* TrackPointTests.swift in Sources */ = {isa = PBXBuildFile; fileRef = 4B208D9C24A37A75009E5F6C /* TrackPointTests.swift */; };
		4B208DA024A37EAF009E5F6C /* PersistentContainer.swift in Sources */ = {isa = PBXBuildFile; fileRef = 4B208D9F24A37EAF009E5F6C /* PersistentContainer.swift */; };
		4B208DA224A38CFA009E5F6C /* NSPersistentContainer+Extensions.swift in Sources */ = {isa = PBXBuildFile; fileRef = 4B208DA124A38CFA009E5F6C /* NSPersistentContainer+Extensions.swift */; };
		4B2B31832461D9AA00726271 /* AppDelegate.swift in Sources */ = {isa = PBXBuildFile; fileRef = 4B2B31822461D9AA00726271 /* AppDelegate.swift */; };
		4B2B31852461D9AA00726271 /* ContentView.swift in Sources */ = {isa = PBXBuildFile; fileRef = 4B2B31842461D9AA00726271 /* ContentView.swift */; };
		4B2B31872461D9AB00726271 /* Assets.xcassets in Resources */ = {isa = PBXBuildFile; fileRef = 4B2B31862461D9AB00726271 /* Assets.xcassets */; };
		4B2B318A2461D9AB00726271 /* Preview Assets.xcassets in Resources */ = {isa = PBXBuildFile; fileRef = 4B2B31892461D9AB00726271 /* Preview Assets.xcassets */; };
		4B2B318D2461D9AB00726271 /* Main.storyboard in Resources */ = {isa = PBXBuildFile; fileRef = 4B2B318B2461D9AB00726271 /* Main.storyboard */; };
		4B2B31932461D9BB00726271 /* BluetoothScanner.swift in Sources */ = {isa = PBXBuildFile; fileRef = 4B58B619245C9FA700B62914 /* BluetoothScanner.swift */; };
		4B2B31942461D9DE00726271 /* Service.swift in Sources */ = {isa = PBXBuildFile; fileRef = 4B88C9B5245C3DCD00BD5DD3 /* Service.swift */; };
		4B2B31952461D9E700726271 /* Data+Extension.swift in Sources */ = {isa = PBXBuildFile; fileRef = 4B58B63324608A8400B62914 /* Data+Extension.swift */; };
		4B2B31972461F98300726271 /* HeartRateService.swift in Sources */ = {isa = PBXBuildFile; fileRef = 4B58B63924608EE400B62914 /* HeartRateService.swift */; };
		4B2FE5E624A4FC050011523C /* AlertButtonStyle.swift in Sources */ = {isa = PBXBuildFile; fileRef = 4B2FE5E524A4FC050011523C /* AlertButtonStyle.swift */; };
		4B32582024923F290046BD6F /* Coordinator.swift in Sources */ = {isa = PBXBuildFile; fileRef = 4B32581F24923F290046BD6F /* Coordinator.swift */; };
		4B3258222492464E0046BD6F /* RootCoordinator.swift in Sources */ = {isa = PBXBuildFile; fileRef = 4B3258212492464E0046BD6F /* RootCoordinator.swift */; };
		4B325825249249B20046BD6F /* RootPresenting.swift in Sources */ = {isa = PBXBuildFile; fileRef = 4B325824249249B20046BD6F /* RootPresenting.swift */; };
		4B32582724924AA50046BD6F /* HistoryCoordinator.swift in Sources */ = {isa = PBXBuildFile; fileRef = 4B32582624924AA50046BD6F /* HistoryCoordinator.swift */; };
		4B32582924924CEC0046BD6F /* NotificationViewModel.swift in Sources */ = {isa = PBXBuildFile; fileRef = 4B32582824924CEC0046BD6F /* NotificationViewModel.swift */; };
		4B32582B249250EA0046BD6F /* MenuButtonStyle.swift in Sources */ = {isa = PBXBuildFile; fileRef = 4B32582A249250EA0046BD6F /* MenuButtonStyle.swift */; };
		4B4EC29B24A3BD1D007B507A /* GPXPoint.swift in Sources */ = {isa = PBXBuildFile; fileRef = 4B4EC29A24A3BD1D007B507A /* GPXPoint.swift */; };
		4B4EC29E24A3DAF6007B507A /* GPXImporter.swift in Sources */ = {isa = PBXBuildFile; fileRef = 4B4EC29D24A3DAF6007B507A /* GPXImporter.swift */; };
		4B4EC2A124A474C6007B507A /* TrackSegment.gpx in Resources */ = {isa = PBXBuildFile; fileRef = 4B4EC29F24A47350007B507A /* TrackSegment.gpx */; };
		4B4F6D9F24AA3664001E68CA /* MountainShape.swift in Sources */ = {isa = PBXBuildFile; fileRef = 4B4F6D9E24AA3664001E68CA /* MountainShape.swift */; };
		4B4F6DA124AB1709001E68CA /* CGPoint+Extension.swift in Sources */ = {isa = PBXBuildFile; fileRef = 4B4F6DA024AB1709001E68CA /* CGPoint+Extension.swift */; };
		4B4F6DA324AB174B001E68CA /* Axis.swift in Sources */ = {isa = PBXBuildFile; fileRef = 4B4F6DA224AB174B001E68CA /* Axis.swift */; };
		4B58B61A245C9FA700B62914 /* BluetoothScanner.swift in Sources */ = {isa = PBXBuildFile; fileRef = 4B58B619245C9FA700B62914 /* BluetoothScanner.swift */; };
		4B58B61C245C9FBA00B62914 /* LocationPermissions.swift in Sources */ = {isa = PBXBuildFile; fileRef = 4B58B61B245C9FBA00B62914 /* LocationPermissions.swift */; };
		4B58B631246089CB00B62914 /* AES.swift in Sources */ = {isa = PBXBuildFile; fileRef = 4B58B630246089CB00B62914 /* AES.swift */; };
		4B58B63424608A8400B62914 /* Data+Extension.swift in Sources */ = {isa = PBXBuildFile; fileRef = 4B58B63324608A8400B62914 /* Data+Extension.swift */; };
		4B58B63A24608EE400B62914 /* HeartRateService.swift in Sources */ = {isa = PBXBuildFile; fileRef = 4B58B63924608EE400B62914 /* HeartRateService.swift */; };
		4B5C0D7224A67B3600DBCB90 /* MapImageCache.swift in Sources */ = {isa = PBXBuildFile; fileRef = 4B5C0D7124A67B3600DBCB90 /* MapImageCache.swift */; };
		4B5C0D7924A7AABF00DBCB90 /* LineChartView.swift in Sources */ = {isa = PBXBuildFile; fileRef = 4B5C0D7824A7AABF00DBCB90 /* LineChartView.swift */; };
		4B834E37248ABC8F00A0272E /* NotificationView.swift in Sources */ = {isa = PBXBuildFile; fileRef = 4B834E36248ABC8F00A0272E /* NotificationView.swift */; };
		4B834E39248C0B2900A0272E /* CornerRadiusStyle.swift in Sources */ = {isa = PBXBuildFile; fileRef = 4B834E38248C0B2900A0272E /* CornerRadiusStyle.swift */; };
		4B88C9B0245C067600BD5DD3 /* ContentView.swift in Sources */ = {isa = PBXBuildFile; fileRef = 4B88C9AF245C067500BD5DD3 /* ContentView.swift */; };
		4B88C9B2245C29CB00BD5DD3 /* RideService.swift in Sources */ = {isa = PBXBuildFile; fileRef = 4B88C9B1245C29CB00BD5DD3 /* RideService.swift */; };
		4B88C9B4245C2BBC00BD5DD3 /* DurationViewModel.swift in Sources */ = {isa = PBXBuildFile; fileRef = 4B88C9B3245C2BBC00BD5DD3 /* DurationViewModel.swift */; };
		4B88C9B6245C3DCD00BD5DD3 /* Service.swift in Sources */ = {isa = PBXBuildFile; fileRef = 4B88C9B5245C3DCD00BD5DD3 /* Service.swift */; };
		4B88C9B8245C64C800BD5DD3 /* DistanceViewModel.swift in Sources */ = {isa = PBXBuildFile; fileRef = 4B88C9B7245C64C800BD5DD3 /* DistanceViewModel.swift */; };
		4B88C9BA245C68C800BD5DD3 /* GaugeView.swift in Sources */ = {isa = PBXBuildFile; fileRef = 4B88C9B9245C68C800BD5DD3 /* GaugeView.swift */; };
		4B88C9BC245C691300BD5DD3 /* GaugeViewModel.swift in Sources */ = {isa = PBXBuildFile; fileRef = 4B88C9BB245C691300BD5DD3 /* GaugeViewModel.swift */; };
		4B8C93F524B78B4500785B9D /* RideMapViewModel.swift in Sources */ = {isa = PBXBuildFile; fileRef = 4B8C93F424B78B4500785B9D /* RideMapViewModel.swift */; };
		4B8C93F724B78BE400785B9D /* RideMapView.swift in Sources */ = {isa = PBXBuildFile; fileRef = 4B8C93F624B78BE400785B9D /* RideMapView.swift */; };
		4B8C93FA24B848D300785B9D /* GradientPathDrawer.swift in Sources */ = {isa = PBXBuildFile; fileRef = 4B8C93F924B848D300785B9D /* GradientPathDrawer.swift */; };
		4B8C93FC24B84C3F00785B9D /* GradientPolylineRenderer.swift in Sources */ = {isa = PBXBuildFile; fileRef = 4B8C93FB24B84C3F00785B9D /* GradientPolylineRenderer.swift */; };
		4BA041202462F6AD002E4D81 /* AES.swift in Sources */ = {isa = PBXBuildFile; fileRef = 4B58B630246089CB00B62914 /* AES.swift */; };
		4BA0754824B8E57A00E42A26 /* DistanceUtils.swift in Sources */ = {isa = PBXBuildFile; fileRef = 4BA0754724B8E57A00E42A26 /* DistanceUtils.swift */; };
		4BA0754A24BA28AF00E42A26 /* DistanceTests.swift in Sources */ = {isa = PBXBuildFile; fileRef = 4BA0754924BA28AF00E42A26 /* DistanceTests.swift */; };
		4BA0754C24BC3D7200E42A26 /* GridShapeViewModel.swift in Sources */ = {isa = PBXBuildFile; fileRef = 4BA0754B24BC3D7200E42A26 /* GridShapeViewModel.swift */; };
		4BA0755224BCD09700E42A26 /* Logger.swift in Sources */ = {isa = PBXBuildFile; fileRef = 4BA0755124BCD09700E42A26 /* Logger.swift */; };
		4BA0755424BCD66400E42A26 /* AxisValuesProvider.swift in Sources */ = {isa = PBXBuildFile; fileRef = 4BA0755324BCD66400E42A26 /* AxisValuesProvider.swift */; };
		4BA0755724BCE09700E42A26 /* Filter.swift in Sources */ = {isa = PBXBuildFile; fileRef = 4BA0755624BCE09700E42A26 /* Filter.swift */; };
		4BA0756124BE3A2B00E42A26 /* AvgSpeedViewModel.swift in Sources */ = {isa = PBXBuildFile; fileRef = 4BA0756024BE3A2B00E42A26 /* AvgSpeedViewModel.swift */; };
		4BA41B0F2472F6890002D88A /* ActionButtonStyle.swift in Sources */ = {isa = PBXBuildFile; fileRef = 4BA41B0E2472F6890002D88A /* ActionButtonStyle.swift */; };
		4BA41B112472F6AB0002D88A /* Formatters.swift in Sources */ = {isa = PBXBuildFile; fileRef = 4BA41B102472F6AB0002D88A /* Formatters.swift */; };
		4BA41B132472F6C50002D88A /* SpeedViewModel.swift in Sources */ = {isa = PBXBuildFile; fileRef = 4BA41B122472F6C50002D88A /* SpeedViewModel.swift */; };
		4BA41B152472F6ED0002D88A /* MapViewModel.swift in Sources */ = {isa = PBXBuildFile; fileRef = 4BA41B142472F6ED0002D88A /* MapViewModel.swift */; };
		4BA41B172472F7080002D88A /* UserTrackingButton.swift in Sources */ = {isa = PBXBuildFile; fileRef = 4BA41B162472F7080002D88A /* UserTrackingButton.swift */; };
		4BA41B192472F7310002D88A /* TrackerMapView.swift in Sources */ = {isa = PBXBuildFile; fileRef = 4BA41B182472F7310002D88A /* TrackerMapView.swift */; };
		4BA41B1B2472F7550002D88A /* ContentViewModel.swift in Sources */ = {isa = PBXBuildFile; fileRef = 4BA41B1A2472F7550002D88A /* ContentViewModel.swift */; };
		4BA41B1D2472F7830002D88A /* EnvironmentMKMapView.swift in Sources */ = {isa = PBXBuildFile; fileRef = 4BA41B1C2472F7830002D88A /* EnvironmentMKMapView.swift */; };
		4BA41B1F2472F7F30002D88A /* Timer2.swift in Sources */ = {isa = PBXBuildFile; fileRef = 4BA41B1E2472F7F30002D88A /* Timer2.swift */; };
		4BA41B272475A7E70002D88A /* SplitView in Frameworks */ = {isa = PBXBuildFile; productRef = 4BA41B262475A7E70002D88A /* SplitView */; };
		4BA41B2A247841720002D88A /* CoreDataStorage in Frameworks */ = {isa = PBXBuildFile; productRef = 4BA41B29247841720002D88A /* CoreDataStorage */; };
		4BA41B2C247841830002D88A /* Storage.swift in Sources */ = {isa = PBXBuildFile; fileRef = 4BA41B2B247841830002D88A /* Storage.swift */; };
		4BA41B3D247D7E590002D88A /* PageView in Frameworks */ = {isa = PBXBuildFile; productRef = 4BA41B3C247D7E590002D88A /* PageView */; };
		4BA41B40247ED02E0002D88A /* Injected in Frameworks */ = {isa = PBXBuildFile; productRef = 4BA41B3F247ED02E0002D88A /* Injected */; };
		4BA41B42247ED7760002D88A /* SliderControlView.swift in Sources */ = {isa = PBXBuildFile; fileRef = 4BA41B41247ED7760002D88A /* SliderControlView.swift */; };
		4BA41B44247ED7A20002D88A /* PageIndicatorView.swift in Sources */ = {isa = PBXBuildFile; fileRef = 4BA41B43247ED7A20002D88A /* PageIndicatorView.swift */; };
		4BA41B46247ED7CC0002D88A /* ActionButton.swift in Sources */ = {isa = PBXBuildFile; fileRef = 4BA41B45247ED7CC0002D88A /* ActionButton.swift */; };
		4BA41B48247ED7DD0002D88A /* GaugesView.swift in Sources */ = {isa = PBXBuildFile; fileRef = 4BA41B47247ED7DD0002D88A /* GaugesView.swift */; };
		4BA41B4A247ED8050002D88A /* GaugesWithIndicatorView.swift in Sources */ = {isa = PBXBuildFile; fileRef = 4BA41B49247ED8050002D88A /* GaugesWithIndicatorView.swift */; };
		4BA41B4D2481A32C0002D88A /* GoButtonViewModel.swift in Sources */ = {isa = PBXBuildFile; fileRef = 4BA41B4C2481A32C0002D88A /* GoButtonViewModel.swift */; };
		4BAB77BF245B2FE000F011A0 /* AppDelegate.swift in Sources */ = {isa = PBXBuildFile; fileRef = 4BAB77BE245B2FE000F011A0 /* AppDelegate.swift */; };
		4BAB77C1245B2FE000F011A0 /* SceneDelegate.swift in Sources */ = {isa = PBXBuildFile; fileRef = 4BAB77C0245B2FE000F011A0 /* SceneDelegate.swift */; };
		4BAB77C4245B2FE000F011A0 /* Fietscomputer.xcdatamodeld in Sources */ = {isa = PBXBuildFile; fileRef = 4BAB77C2245B2FE000F011A0 /* Fietscomputer.xcdatamodeld */; };
		4BAB77C6245B2FE000F011A0 /* SpeedView.swift in Sources */ = {isa = PBXBuildFile; fileRef = 4BAB77C5245B2FE000F011A0 /* SpeedView.swift */; };
		4BAB77C8245B2FE200F011A0 /* Assets.xcassets in Resources */ = {isa = PBXBuildFile; fileRef = 4BAB77C7245B2FE200F011A0 /* Assets.xcassets */; };
		4BAB77CB245B2FE200F011A0 /* Preview Assets.xcassets in Resources */ = {isa = PBXBuildFile; fileRef = 4BAB77CA245B2FE200F011A0 /* Preview Assets.xcassets */; };
		4BAB77CE245B2FE200F011A0 /* LaunchScreen.storyboard in Resources */ = {isa = PBXBuildFile; fileRef = 4BAB77CC245B2FE200F011A0 /* LaunchScreen.storyboard */; };
		4BAB77D9245B2FE200F011A0 /* FietscomputerTests.swift in Sources */ = {isa = PBXBuildFile; fileRef = 4BAB77D8245B2FE200F011A0 /* FietscomputerTests.swift */; };
		4BAB77E4245B300200F011A0 /* Permissions.swift in Sources */ = {isa = PBXBuildFile; fileRef = 4BAB77E3245B300200F011A0 /* Permissions.swift */; };
		4BAB77E6245B3A1000F011A0 /* LocationService.swift in Sources */ = {isa = PBXBuildFile; fileRef = 4BAB77E5245B3A1000F011A0 /* LocationService.swift */; };
		4BAB77E8245B4E1E00F011A0 /* MapView.swift in Sources */ = {isa = PBXBuildFile; fileRef = 4BAB77E7245B4E1E00F011A0 /* MapView.swift */; };
		4BBB4B95246D617700CA710F /* ScaledFont.swift in Sources */ = {isa = PBXBuildFile; fileRef = 4BBB4B94246D617700CA710F /* ScaledFont.swift */; };
		4BBB4B97246D619400CA710F /* View+Extension.swift in Sources */ = {isa = PBXBuildFile; fileRef = 4BBB4B96246D619400CA710F /* View+Extension.swift */; };
		4BBB4B992470624900CA710F /* Color+Extension.swift in Sources */ = {isa = PBXBuildFile; fileRef = 4BBB4B982470624900CA710F /* Color+Extension.swift */; };
		4BDBAF8D248A7D5800180624 /* StopButtonViewModel.swift in Sources */ = {isa = PBXBuildFile; fileRef = 4BDBAF8C248A7D5800180624 /* StopButtonViewModel.swift */; };
		4BDBAF8F248A81CF00180624 /* RoundButtonStyle.swift in Sources */ = {isa = PBXBuildFile; fileRef = 4BDBAF8E248A81CF00180624 /* RoundButtonStyle.swift */; };
		4BF17BAB24ACD8F100D0345E /* GPXExporter.swift in Sources */ = {isa = PBXBuildFile; fileRef = 4BF17BAA24ACD8F100D0345E /* GPXExporter.swift */; };
		4BF17BAD24ACDA0900D0345E /* XMLEncoder.swift in Sources */ = {isa = PBXBuildFile; fileRef = 4BF17BAC24ACDA0900D0345E /* XMLEncoder.swift */; };
		4BF6689A24A3935B001AA07E /* NanoXML.swift in Sources */ = {isa = PBXBuildFile; fileRef = 4BF6689924A3935B001AA07E /* NanoXML.swift */; };
		4BF6689C24A3958D001AA07E /* NoTime.gpx in Resources */ = {isa = PBXBuildFile; fileRef = 4B208D9224A29958009E5F6C /* NoTime.gpx */; };
		4BF6689D24A39590001AA07E /* WayPoints.gpx in Resources */ = {isa = PBXBuildFile; fileRef = 4B208D9324A29958009E5F6C /* WayPoints.gpx */; };
		4BF6F6AE24AE46E80004219B /* GPXTrack.swift in Sources */ = {isa = PBXBuildFile; fileRef = 4BF6F6AD24AE46E80004219B /* GPXTrack.swift */; };
		4BF6F6B024AE52480004219B /* DateFormatter+Extension.swift in Sources */ = {isa = PBXBuildFile; fileRef = 4BF6F6AF24AE52480004219B /* DateFormatter+Extension.swift */; };
		4BF6F6B224AE52680004219B /* XMLNodeEncodable.swift in Sources */ = {isa = PBXBuildFile; fileRef = 4BF6F6B124AE52680004219B /* XMLNodeEncodable.swift */; };
		4BF6F6B424AE53330004219B /* XMLNode.swift in Sources */ = {isa = PBXBuildFile; fileRef = 4BF6F6B324AE53330004219B /* XMLNode.swift */; };
		4BF6F6B624AE53490004219B /* XMLElement.swift in Sources */ = {isa = PBXBuildFile; fileRef = 4BF6F6B524AE53490004219B /* XMLElement.swift */; };
		4BF6F6B824AFA31A0004219B /* Afternoon_Ride.gpx in Resources */ = {isa = PBXBuildFile; fileRef = 4BF6F6B724AFA31A0004219B /* Afternoon_Ride.gpx */; };
		4BF6F6BC24AFA8120004219B /* Exported.gpx in Resources */ = {isa = PBXBuildFile; fileRef = 4BF6F6BB24AFA8120004219B /* Exported.gpx */; };
		4BF6F6BE24AFADB40004219B /* ShareSheet.swift in Sources */ = {isa = PBXBuildFile; fileRef = 4BF6F6BD24AFADB40004219B /* ShareSheet.swift */; };
		4BF6F6C024B069100004219B /* RideMapSnapshotView.swift in Sources */ = {isa = PBXBuildFile; fileRef = 4BF6F6BF24B069100004219B /* RideMapSnapshotView.swift */; };
		4BF6F6C224B06D270004219B /* GridShape.swift in Sources */ = {isa = PBXBuildFile; fileRef = 4BF6F6C124B06D270004219B /* GridShape.swift */; };
		4BF6F6C624B4D7220004219B /* TrackRegion.swift in Sources */ = {isa = PBXBuildFile; fileRef = 4BF6F6C524B4D7220004219B /* TrackRegion.swift */; };
/* End PBXBuildFile section */

/* Begin PBXContainerItemProxy section */
		4BAB77D5245B2FE200F011A0 /* PBXContainerItemProxy */ = {
			isa = PBXContainerItemProxy;
			containerPortal = 4BAB77B3245B2FE000F011A0 /* Project object */;
			proxyType = 1;
			remoteGlobalIDString = 4BAB77BA245B2FE000F011A0;
			remoteInfo = Fietscomputer;
		};
/* End PBXContainerItemProxy section */

/* Begin PBXFileReference section */
		4B10F19F249A85870050EEF4 /* en */ = {isa = PBXFileReference; lastKnownFileType = text.plist.strings; name = en; path = en.lproj/Localizable.strings; sourceTree = "<group>"; };
		4B10F1A1249A85A80050EEF4 /* ru */ = {isa = PBXFileReference; lastKnownFileType = text.plist.strings; name = ru; path = ru.lproj/Localizable.strings; sourceTree = "<group>"; };
		4B10F1A2249A8B3F0050EEF4 /* nl */ = {isa = PBXFileReference; lastKnownFileType = text.plist.strings; name = nl; path = nl.lproj/Localizable.strings; sourceTree = "<group>"; };
		4B10F1A3249A8BFC0050EEF4 /* Strings.swift */ = {isa = PBXFileReference; fileEncoding = 4; lastKnownFileType = sourcecode.swift; path = Strings.swift; sourceTree = "<group>"; };
		4B10F1A5249A8CB70050EEF4 /* Strings.xml */ = {isa = PBXFileReference; lastKnownFileType = text.xml; path = Strings.xml; sourceTree = "<group>"; };
		4B10F1A7249B988E0050EEF4 /* RideRepository.swift */ = {isa = PBXFileReference; lastKnownFileType = sourcecode.swift; path = RideRepository.swift; sourceTree = "<group>"; };
		4B10F1A9249B98B30050EEF4 /* Ride.swift */ = {isa = PBXFileReference; lastKnownFileType = sourcecode.swift; path = Ride.swift; sourceTree = "<group>"; };
		4B10F1AB249BDBA80050EEF4 /* HistoryView.swift */ = {isa = PBXFileReference; lastKnownFileType = sourcecode.swift; path = HistoryView.swift; sourceTree = "<group>"; };
		4B10F1AD249BDC020050EEF4 /* HistoryViewModel.swift */ = {isa = PBXFileReference; lastKnownFileType = sourcecode.swift; path = HistoryViewModel.swift; sourceTree = "<group>"; };
		4B10F1AF249BDC1A0050EEF4 /* ViewModel.swift */ = {isa = PBXFileReference; lastKnownFileType = sourcecode.swift; path = ViewModel.swift; sourceTree = "<group>"; };
		4B10F1B1249BDE0D0050EEF4 /* RideViewDetails.swift */ = {isa = PBXFileReference; lastKnownFileType = sourcecode.swift; path = RideViewDetails.swift; sourceTree = "<group>"; };
		4B10F1B3249C944C0050EEF4 /* RideSummary.swift */ = {isa = PBXFileReference; lastKnownFileType = sourcecode.swift; path = RideSummary.swift; sourceTree = "<group>"; };
		4B10F1B5249C986E0050EEF4 /* RideCellView.swift */ = {isa = PBXFileReference; lastKnownFileType = sourcecode.swift; path = RideCellView.swift; sourceTree = "<group>"; };
		4B10F1B7249C98A30050EEF4 /* RideViewModel.swift */ = {isa = PBXFileReference; lastKnownFileType = sourcecode.swift; path = RideViewModel.swift; sourceTree = "<group>"; };
		4B10F1B9249D09DD0050EEF4 /* ValueDescriptionView.swift */ = {isa = PBXFileReference; lastKnownFileType = sourcecode.swift; path = ValueDescriptionView.swift; sourceTree = "<group>"; };
		4B10F1BB249D0AD60050EEF4 /* MapSnapshotService.swift */ = {isa = PBXFileReference; lastKnownFileType = sourcecode.swift; path = MapSnapshotService.swift; sourceTree = "<group>"; };
		4B10F1BD249D0DAC0050EEF4 /* MapImageLoader.swift */ = {isa = PBXFileReference; lastKnownFileType = sourcecode.swift; path = MapImageLoader.swift; sourceTree = "<group>"; };
		4B10F1BF249D0F090050EEF4 /* AsyncMapImage.swift */ = {isa = PBXFileReference; lastKnownFileType = sourcecode.swift; path = AsyncMapImage.swift; sourceTree = "<group>"; };
		4B10F1C1249D23A50050EEF4 /* MKMapSnapshotterSubscription.swift */ = {isa = PBXFileReference; lastKnownFileType = sourcecode.swift; path = MKMapSnapshotterSubscription.swift; sourceTree = "<group>"; };
		4B10F1C3249D2B260050EEF4 /* MKMapSnapshotter+Extension.swift */ = {isa = PBXFileReference; lastKnownFileType = sourcecode.swift; path = "MKMapSnapshotter+Extension.swift"; sourceTree = "<group>"; };
		4B10F1C5249D2CD90050EEF4 /* RideDetailsViewModel.swift */ = {isa = PBXFileReference; lastKnownFileType = sourcecode.swift; path = RideDetailsViewModel.swift; sourceTree = "<group>"; };
		4B10F1CC249D53D30050EEF4 /* Track.swift */ = {isa = PBXFileReference; lastKnownFileType = sourcecode.swift; path = Track.swift; sourceTree = "<group>"; };
		4B10F1CE249D53DB0050EEF4 /* TrackPoint.swift */ = {isa = PBXFileReference; lastKnownFileType = sourcecode.swift; path = TrackPoint.swift; sourceTree = "<group>"; };
		4B1CFB6C24B5A771004CFA02 /* TrackDrawer.swift */ = {isa = PBXFileReference; lastKnownFileType = sourcecode.swift; path = TrackDrawer.swift; sourceTree = "<group>"; };
		4B1CFB6E24B5A788004CFA02 /* MarkerDrawer.swift */ = {isa = PBXFileReference; lastKnownFileType = sourcecode.swift; path = MarkerDrawer.swift; sourceTree = "<group>"; };
		4B1CFB7624B6ECAD004CFA02 /* GPXUtils.swift */ = {isa = PBXFileReference; lastKnownFileType = sourcecode.swift; path = GPXUtils.swift; sourceTree = "<group>"; };
		4B1FF0B1249E2AA500D7AFF1 /* Collections+Extension.swift */ = {isa = PBXFileReference; lastKnownFileType = sourcecode.swift; path = "Collections+Extension.swift"; sourceTree = "<group>"; };
		4B1FF0B3249E74DF00D7AFF1 /* Power.swift */ = {isa = PBXFileReference; lastKnownFileType = sourcecode.swift; path = Power.swift; sourceTree = "<group>"; };
		4B1FF0B5249E7EC500D7AFF1 /* Energy.swift */ = {isa = PBXFileReference; lastKnownFileType = sourcecode.swift; path = Energy.swift; sourceTree = "<group>"; };
		4B1FF0B7249E821C00D7AFF1 /* Weight.swift */ = {isa = PBXFileReference; lastKnownFileType = sourcecode.swift; path = Weight.swift; sourceTree = "<group>"; };
		4B1FF0B9249E923400D7AFF1 /* RideSummaryView.swift */ = {isa = PBXFileReference; lastKnownFileType = sourcecode.swift; path = RideSummaryView.swift; sourceTree = "<group>"; };
		4B1FF0BB249E95A500D7AFF1 /* RideFullSummaryView.swift */ = {isa = PBXFileReference; lastKnownFileType = sourcecode.swift; path = RideFullSummaryView.swift; sourceTree = "<group>"; };
		4B208D8424A23943009E5F6C /* Location+Extension.swift */ = {isa = PBXFileReference; lastKnownFileType = sourcecode.swift; path = "Location+Extension.swift"; sourceTree = "<group>"; };
		4B208D8624A246B8009E5F6C /* MapSnapshotProcessor.swift */ = {isa = PBXFileReference; lastKnownFileType = sourcecode.swift; path = MapSnapshotProcessor.swift; sourceTree = "<group>"; };
		4B208D8824A248F4009E5F6C /* RideTrackDrawer.swift */ = {isa = PBXFileReference; lastKnownFileType = sourcecode.swift; path = RideTrackDrawer.swift; sourceTree = "<group>"; };
		4B208D8A24A2695C009E5F6C /* Applicable.swift */ = {isa = PBXFileReference; lastKnownFileType = sourcecode.swift; path = Applicable.swift; sourceTree = "<group>"; };
		4B208D8C24A273BF009E5F6C /* CGContext+Extensions.swift */ = {isa = PBXFileReference; lastKnownFileType = sourcecode.swift; path = "CGContext+Extensions.swift"; sourceTree = "<group>"; };
		4B208D9224A29958009E5F6C /* NoTime.gpx */ = {isa = PBXFileReference; fileEncoding = 4; lastKnownFileType = text.xml; path = NoTime.gpx; sourceTree = "<group>"; };
		4B208D9324A29958009E5F6C /* WayPoints.gpx */ = {isa = PBXFileReference; fileEncoding = 4; lastKnownFileType = text.xml; path = WayPoints.gpx; sourceTree = "<group>"; };
		4B208D9624A36A89009E5F6C /* CodingUserInfoKey+Extensions.swift */ = {isa = PBXFileReference; lastKnownFileType = sourcecode.swift; path = "CodingUserInfoKey+Extensions.swift"; sourceTree = "<group>"; };
		4B208D9824A36A9C009E5F6C /* TrackPoint+Decodable.swift */ = {isa = PBXFileReference; lastKnownFileType = sourcecode.swift; path = "TrackPoint+Decodable.swift"; sourceTree = "<group>"; };
		4B208D9A24A37656009E5F6C /* XMLDecoder.swift */ = {isa = PBXFileReference; lastKnownFileType = sourcecode.swift; path = XMLDecoder.swift; sourceTree = "<group>"; };
		4B208D9C24A37A75009E5F6C /* TrackPointTests.swift */ = {isa = PBXFileReference; lastKnownFileType = sourcecode.swift; path = TrackPointTests.swift; sourceTree = "<group>"; };
		4B208D9F24A37EAF009E5F6C /* PersistentContainer.swift */ = {isa = PBXFileReference; lastKnownFileType = sourcecode.swift; path = PersistentContainer.swift; sourceTree = "<group>"; };
		4B208DA124A38CFA009E5F6C /* NSPersistentContainer+Extensions.swift */ = {isa = PBXFileReference; lastKnownFileType = sourcecode.swift; path = "NSPersistentContainer+Extensions.swift"; sourceTree = "<group>"; };
		4B2B31802461D9AA00726271 /* DebugBluetooth.app */ = {isa = PBXFileReference; explicitFileType = wrapper.application; includeInIndex = 0; path = DebugBluetooth.app; sourceTree = BUILT_PRODUCTS_DIR; };
		4B2B31822461D9AA00726271 /* AppDelegate.swift */ = {isa = PBXFileReference; lastKnownFileType = sourcecode.swift; path = AppDelegate.swift; sourceTree = "<group>"; };
		4B2B31842461D9AA00726271 /* ContentView.swift */ = {isa = PBXFileReference; lastKnownFileType = sourcecode.swift; path = ContentView.swift; sourceTree = "<group>"; };
		4B2B31862461D9AB00726271 /* Assets.xcassets */ = {isa = PBXFileReference; lastKnownFileType = folder.assetcatalog; path = Assets.xcassets; sourceTree = "<group>"; };
		4B2B31892461D9AB00726271 /* Preview Assets.xcassets */ = {isa = PBXFileReference; lastKnownFileType = folder.assetcatalog; path = "Preview Assets.xcassets"; sourceTree = "<group>"; };
		4B2B318C2461D9AB00726271 /* Base */ = {isa = PBXFileReference; lastKnownFileType = file.storyboard; name = Base; path = Base.lproj/Main.storyboard; sourceTree = "<group>"; };
		4B2B318E2461D9AB00726271 /* Info.plist */ = {isa = PBXFileReference; lastKnownFileType = text.plist.xml; path = Info.plist; sourceTree = "<group>"; };
		4B2B318F2461D9AB00726271 /* DebugBluetooth.entitlements */ = {isa = PBXFileReference; lastKnownFileType = text.plist.entitlements; path = DebugBluetooth.entitlements; sourceTree = "<group>"; };
		4B2FE5E524A4FC050011523C /* AlertButtonStyle.swift */ = {isa = PBXFileReference; lastKnownFileType = sourcecode.swift; path = AlertButtonStyle.swift; sourceTree = "<group>"; };
		4B32581F24923F290046BD6F /* Coordinator.swift */ = {isa = PBXFileReference; lastKnownFileType = sourcecode.swift; path = Coordinator.swift; sourceTree = "<group>"; };
		4B3258212492464E0046BD6F /* RootCoordinator.swift */ = {isa = PBXFileReference; lastKnownFileType = sourcecode.swift; path = RootCoordinator.swift; sourceTree = "<group>"; };
		4B325824249249B20046BD6F /* RootPresenting.swift */ = {isa = PBXFileReference; lastKnownFileType = sourcecode.swift; path = RootPresenting.swift; sourceTree = "<group>"; };
		4B32582624924AA50046BD6F /* HistoryCoordinator.swift */ = {isa = PBXFileReference; lastKnownFileType = sourcecode.swift; path = HistoryCoordinator.swift; sourceTree = "<group>"; };
		4B32582824924CEC0046BD6F /* NotificationViewModel.swift */ = {isa = PBXFileReference; lastKnownFileType = sourcecode.swift; path = NotificationViewModel.swift; sourceTree = "<group>"; };
		4B32582A249250EA0046BD6F /* MenuButtonStyle.swift */ = {isa = PBXFileReference; lastKnownFileType = sourcecode.swift; path = MenuButtonStyle.swift; sourceTree = "<group>"; };
		4B4EC29A24A3BD1D007B507A /* GPXPoint.swift */ = {isa = PBXFileReference; lastKnownFileType = sourcecode.swift; path = GPXPoint.swift; sourceTree = "<group>"; };
		4B4EC29D24A3DAF6007B507A /* GPXImporter.swift */ = {isa = PBXFileReference; lastKnownFileType = sourcecode.swift; path = GPXImporter.swift; sourceTree = "<group>"; };
		4B4EC29F24A47350007B507A /* TrackSegment.gpx */ = {isa = PBXFileReference; fileEncoding = 4; lastKnownFileType = text.xml; path = TrackSegment.gpx; sourceTree = "<group>"; };
		4B4F6D9E24AA3664001E68CA /* MountainShape.swift */ = {isa = PBXFileReference; lastKnownFileType = sourcecode.swift; path = MountainShape.swift; sourceTree = "<group>"; };
		4B4F6DA024AB1709001E68CA /* CGPoint+Extension.swift */ = {isa = PBXFileReference; lastKnownFileType = sourcecode.swift; path = "CGPoint+Extension.swift"; sourceTree = "<group>"; };
		4B4F6DA224AB174B001E68CA /* Axis.swift */ = {isa = PBXFileReference; lastKnownFileType = sourcecode.swift; path = Axis.swift; sourceTree = "<group>"; };
		4B58B619245C9FA700B62914 /* BluetoothScanner.swift */ = {isa = PBXFileReference; lastKnownFileType = sourcecode.swift; path = BluetoothScanner.swift; sourceTree = "<group>"; };
		4B58B61B245C9FBA00B62914 /* LocationPermissions.swift */ = {isa = PBXFileReference; lastKnownFileType = sourcecode.swift; path = LocationPermissions.swift; sourceTree = "<group>"; };
		4B58B630246089CB00B62914 /* AES.swift */ = {isa = PBXFileReference; lastKnownFileType = sourcecode.swift; path = AES.swift; sourceTree = "<group>"; };
		4B58B63324608A8400B62914 /* Data+Extension.swift */ = {isa = PBXFileReference; lastKnownFileType = sourcecode.swift; path = "Data+Extension.swift"; sourceTree = "<group>"; };
		4B58B63924608EE400B62914 /* HeartRateService.swift */ = {isa = PBXFileReference; lastKnownFileType = sourcecode.swift; path = HeartRateService.swift; sourceTree = "<group>"; };
		4B5C0D7124A67B3600DBCB90 /* MapImageCache.swift */ = {isa = PBXFileReference; lastKnownFileType = sourcecode.swift; path = MapImageCache.swift; sourceTree = "<group>"; };
		4B5C0D7824A7AABF00DBCB90 /* LineChartView.swift */ = {isa = PBXFileReference; lastKnownFileType = sourcecode.swift; path = LineChartView.swift; sourceTree = "<group>"; };
		4B834E36248ABC8F00A0272E /* NotificationView.swift */ = {isa = PBXFileReference; lastKnownFileType = sourcecode.swift; path = NotificationView.swift; sourceTree = "<group>"; };
		4B834E38248C0B2900A0272E /* CornerRadiusStyle.swift */ = {isa = PBXFileReference; lastKnownFileType = sourcecode.swift; path = CornerRadiusStyle.swift; sourceTree = "<group>"; };
		4B88C9AF245C067500BD5DD3 /* ContentView.swift */ = {isa = PBXFileReference; fileEncoding = 4; lastKnownFileType = sourcecode.swift; path = ContentView.swift; sourceTree = "<group>"; };
		4B88C9B1245C29CB00BD5DD3 /* RideService.swift */ = {isa = PBXFileReference; lastKnownFileType = sourcecode.swift; path = RideService.swift; sourceTree = "<group>"; };
		4B88C9B3245C2BBC00BD5DD3 /* DurationViewModel.swift */ = {isa = PBXFileReference; lastKnownFileType = sourcecode.swift; path = DurationViewModel.swift; sourceTree = "<group>"; };
		4B88C9B5245C3DCD00BD5DD3 /* Service.swift */ = {isa = PBXFileReference; lastKnownFileType = sourcecode.swift; path = Service.swift; sourceTree = "<group>"; };
		4B88C9B7245C64C800BD5DD3 /* DistanceViewModel.swift */ = {isa = PBXFileReference; lastKnownFileType = sourcecode.swift; path = DistanceViewModel.swift; sourceTree = "<group>"; };
		4B88C9B9245C68C800BD5DD3 /* GaugeView.swift */ = {isa = PBXFileReference; lastKnownFileType = sourcecode.swift; path = GaugeView.swift; sourceTree = "<group>"; };
		4B88C9BB245C691300BD5DD3 /* GaugeViewModel.swift */ = {isa = PBXFileReference; lastKnownFileType = sourcecode.swift; path = GaugeViewModel.swift; sourceTree = "<group>"; };
		4B8C93F424B78B4500785B9D /* RideMapViewModel.swift */ = {isa = PBXFileReference; lastKnownFileType = sourcecode.swift; path = RideMapViewModel.swift; sourceTree = "<group>"; };
		4B8C93F624B78BE400785B9D /* RideMapView.swift */ = {isa = PBXFileReference; lastKnownFileType = sourcecode.swift; path = RideMapView.swift; sourceTree = "<group>"; };
		4B8C93F924B848D300785B9D /* GradientPathDrawer.swift */ = {isa = PBXFileReference; lastKnownFileType = sourcecode.swift; path = GradientPathDrawer.swift; sourceTree = "<group>"; };
		4B8C93FB24B84C3F00785B9D /* GradientPolylineRenderer.swift */ = {isa = PBXFileReference; lastKnownFileType = sourcecode.swift; path = GradientPolylineRenderer.swift; sourceTree = "<group>"; };
		4BA0754724B8E57A00E42A26 /* DistanceUtils.swift */ = {isa = PBXFileReference; lastKnownFileType = sourcecode.swift; path = DistanceUtils.swift; sourceTree = "<group>"; };
		4BA0754924BA28AF00E42A26 /* DistanceTests.swift */ = {isa = PBXFileReference; lastKnownFileType = sourcecode.swift; path = DistanceTests.swift; sourceTree = "<group>"; };
		4BA0754B24BC3D7200E42A26 /* GridShapeViewModel.swift */ = {isa = PBXFileReference; lastKnownFileType = sourcecode.swift; path = GridShapeViewModel.swift; sourceTree = "<group>"; };
		4BA0755124BCD09700E42A26 /* Logger.swift */ = {isa = PBXFileReference; lastKnownFileType = sourcecode.swift; path = Logger.swift; sourceTree = "<group>"; };
		4BA0755324BCD66400E42A26 /* AxisValuesProvider.swift */ = {isa = PBXFileReference; lastKnownFileType = sourcecode.swift; path = AxisValuesProvider.swift; sourceTree = "<group>"; };
		4BA0755624BCE09700E42A26 /* Filter.swift */ = {isa = PBXFileReference; lastKnownFileType = sourcecode.swift; path = Filter.swift; sourceTree = "<group>"; };
		4BA0756024BE3A2B00E42A26 /* AvgSpeedViewModel.swift */ = {isa = PBXFileReference; lastKnownFileType = sourcecode.swift; path = AvgSpeedViewModel.swift; sourceTree = "<group>"; };
		4BA41B0E2472F6890002D88A /* ActionButtonStyle.swift */ = {isa = PBXFileReference; lastKnownFileType = sourcecode.swift; path = ActionButtonStyle.swift; sourceTree = "<group>"; };
		4BA41B102472F6AB0002D88A /* Formatters.swift */ = {isa = PBXFileReference; lastKnownFileType = sourcecode.swift; path = Formatters.swift; sourceTree = "<group>"; };
		4BA41B122472F6C50002D88A /* SpeedViewModel.swift */ = {isa = PBXFileReference; lastKnownFileType = sourcecode.swift; path = SpeedViewModel.swift; sourceTree = "<group>"; };
		4BA41B142472F6ED0002D88A /* MapViewModel.swift */ = {isa = PBXFileReference; lastKnownFileType = sourcecode.swift; path = MapViewModel.swift; sourceTree = "<group>"; };
		4BA41B162472F7080002D88A /* UserTrackingButton.swift */ = {isa = PBXFileReference; lastKnownFileType = sourcecode.swift; path = UserTrackingButton.swift; sourceTree = "<group>"; };
		4BA41B182472F7310002D88A /* TrackerMapView.swift */ = {isa = PBXFileReference; lastKnownFileType = sourcecode.swift; path = TrackerMapView.swift; sourceTree = "<group>"; };
		4BA41B1A2472F7550002D88A /* ContentViewModel.swift */ = {isa = PBXFileReference; lastKnownFileType = sourcecode.swift; path = ContentViewModel.swift; sourceTree = "<group>"; };
		4BA41B1C2472F7830002D88A /* EnvironmentMKMapView.swift */ = {isa = PBXFileReference; lastKnownFileType = sourcecode.swift; path = EnvironmentMKMapView.swift; sourceTree = "<group>"; };
		4BA41B1E2472F7F30002D88A /* Timer2.swift */ = {isa = PBXFileReference; lastKnownFileType = sourcecode.swift; path = Timer2.swift; sourceTree = "<group>"; };
		4BA41B2B247841830002D88A /* Storage.swift */ = {isa = PBXFileReference; lastKnownFileType = sourcecode.swift; path = Storage.swift; sourceTree = "<group>"; };
		4BA41B41247ED7760002D88A /* SliderControlView.swift */ = {isa = PBXFileReference; lastKnownFileType = sourcecode.swift; path = SliderControlView.swift; sourceTree = "<group>"; };
		4BA41B43247ED7A20002D88A /* PageIndicatorView.swift */ = {isa = PBXFileReference; lastKnownFileType = sourcecode.swift; path = PageIndicatorView.swift; sourceTree = "<group>"; };
		4BA41B45247ED7CC0002D88A /* ActionButton.swift */ = {isa = PBXFileReference; lastKnownFileType = sourcecode.swift; path = ActionButton.swift; sourceTree = "<group>"; };
		4BA41B47247ED7DD0002D88A /* GaugesView.swift */ = {isa = PBXFileReference; lastKnownFileType = sourcecode.swift; path = GaugesView.swift; sourceTree = "<group>"; };
		4BA41B49247ED8050002D88A /* GaugesWithIndicatorView.swift */ = {isa = PBXFileReference; lastKnownFileType = sourcecode.swift; path = GaugesWithIndicatorView.swift; sourceTree = "<group>"; };
		4BA41B4C2481A32C0002D88A /* GoButtonViewModel.swift */ = {isa = PBXFileReference; lastKnownFileType = sourcecode.swift; path = GoButtonViewModel.swift; sourceTree = "<group>"; };
		4BAB77BB245B2FE000F011A0 /* Fietscomputer.app */ = {isa = PBXFileReference; explicitFileType = wrapper.application; includeInIndex = 0; path = Fietscomputer.app; sourceTree = BUILT_PRODUCTS_DIR; };
		4BAB77BE245B2FE000F011A0 /* AppDelegate.swift */ = {isa = PBXFileReference; lastKnownFileType = sourcecode.swift; path = AppDelegate.swift; sourceTree = "<group>"; };
		4BAB77C0245B2FE000F011A0 /* SceneDelegate.swift */ = {isa = PBXFileReference; lastKnownFileType = sourcecode.swift; path = SceneDelegate.swift; sourceTree = "<group>"; };
		4BAB77C3245B2FE000F011A0 /* Fietscomputer.xcdatamodel */ = {isa = PBXFileReference; lastKnownFileType = wrapper.xcdatamodel; path = Fietscomputer.xcdatamodel; sourceTree = "<group>"; };
		4BAB77C5245B2FE000F011A0 /* SpeedView.swift */ = {isa = PBXFileReference; lastKnownFileType = sourcecode.swift; path = SpeedView.swift; sourceTree = "<group>"; };
		4BAB77C7245B2FE200F011A0 /* Assets.xcassets */ = {isa = PBXFileReference; lastKnownFileType = folder.assetcatalog; path = Assets.xcassets; sourceTree = "<group>"; };
		4BAB77CA245B2FE200F011A0 /* Preview Assets.xcassets */ = {isa = PBXFileReference; lastKnownFileType = folder.assetcatalog; path = "Preview Assets.xcassets"; sourceTree = "<group>"; };
		4BAB77CD245B2FE200F011A0 /* Base */ = {isa = PBXFileReference; lastKnownFileType = file.storyboard; name = Base; path = Base.lproj/LaunchScreen.storyboard; sourceTree = "<group>"; };
		4BAB77CF245B2FE200F011A0 /* Info.plist */ = {isa = PBXFileReference; lastKnownFileType = text.plist.xml; path = Info.plist; sourceTree = "<group>"; };
		4BAB77D4245B2FE200F011A0 /* FietscomputerTests.xctest */ = {isa = PBXFileReference; explicitFileType = wrapper.cfbundle; includeInIndex = 0; path = FietscomputerTests.xctest; sourceTree = BUILT_PRODUCTS_DIR; };
		4BAB77D8245B2FE200F011A0 /* FietscomputerTests.swift */ = {isa = PBXFileReference; lastKnownFileType = sourcecode.swift; path = FietscomputerTests.swift; sourceTree = "<group>"; };
		4BAB77DA245B2FE200F011A0 /* Info.plist */ = {isa = PBXFileReference; lastKnownFileType = text.plist.xml; path = Info.plist; sourceTree = "<group>"; };
		4BAB77E3245B300200F011A0 /* Permissions.swift */ = {isa = PBXFileReference; lastKnownFileType = sourcecode.swift; path = Permissions.swift; sourceTree = "<group>"; };
		4BAB77E5245B3A1000F011A0 /* LocationService.swift */ = {isa = PBXFileReference; lastKnownFileType = sourcecode.swift; path = LocationService.swift; sourceTree = "<group>"; };
		4BAB77E7245B4E1E00F011A0 /* MapView.swift */ = {isa = PBXFileReference; lastKnownFileType = sourcecode.swift; path = MapView.swift; sourceTree = "<group>"; };
		4BBB4B94246D617700CA710F /* ScaledFont.swift */ = {isa = PBXFileReference; lastKnownFileType = sourcecode.swift; path = ScaledFont.swift; sourceTree = "<group>"; };
		4BBB4B96246D619400CA710F /* View+Extension.swift */ = {isa = PBXFileReference; lastKnownFileType = sourcecode.swift; path = "View+Extension.swift"; sourceTree = "<group>"; };
		4BBB4B982470624900CA710F /* Color+Extension.swift */ = {isa = PBXFileReference; fileEncoding = 4; lastKnownFileType = sourcecode.swift; path = "Color+Extension.swift"; sourceTree = "<group>"; };
		4BDBAF8C248A7D5800180624 /* StopButtonViewModel.swift */ = {isa = PBXFileReference; lastKnownFileType = sourcecode.swift; path = StopButtonViewModel.swift; sourceTree = "<group>"; };
		4BDBAF8E248A81CF00180624 /* RoundButtonStyle.swift */ = {isa = PBXFileReference; lastKnownFileType = sourcecode.swift; path = RoundButtonStyle.swift; sourceTree = "<group>"; };
		4BF17BAA24ACD8F100D0345E /* GPXExporter.swift */ = {isa = PBXFileReference; lastKnownFileType = sourcecode.swift; path = GPXExporter.swift; sourceTree = "<group>"; };
		4BF17BAC24ACDA0900D0345E /* XMLEncoder.swift */ = {isa = PBXFileReference; lastKnownFileType = sourcecode.swift; path = XMLEncoder.swift; sourceTree = "<group>"; };
		4BF6689924A3935B001AA07E /* NanoXML.swift */ = {isa = PBXFileReference; lastKnownFileType = sourcecode.swift; path = NanoXML.swift; sourceTree = "<group>"; };
		4BF6F6AD24AE46E80004219B /* GPXTrack.swift */ = {isa = PBXFileReference; lastKnownFileType = sourcecode.swift; path = GPXTrack.swift; sourceTree = "<group>"; };
		4BF6F6AF24AE52480004219B /* DateFormatter+Extension.swift */ = {isa = PBXFileReference; lastKnownFileType = sourcecode.swift; path = "DateFormatter+Extension.swift"; sourceTree = "<group>"; };
		4BF6F6B124AE52680004219B /* XMLNodeEncodable.swift */ = {isa = PBXFileReference; lastKnownFileType = sourcecode.swift; path = XMLNodeEncodable.swift; sourceTree = "<group>"; };
		4BF6F6B324AE53330004219B /* XMLNode.swift */ = {isa = PBXFileReference; lastKnownFileType = sourcecode.swift; path = XMLNode.swift; sourceTree = "<group>"; };
		4BF6F6B524AE53490004219B /* XMLElement.swift */ = {isa = PBXFileReference; lastKnownFileType = sourcecode.swift; path = XMLElement.swift; sourceTree = "<group>"; };
		4BF6F6B724AFA31A0004219B /* Afternoon_Ride.gpx */ = {isa = PBXFileReference; fileEncoding = 4; lastKnownFileType = text.xml; path = Afternoon_Ride.gpx; sourceTree = "<group>"; };
		4BF6F6BB24AFA8120004219B /* Exported.gpx */ = {isa = PBXFileReference; fileEncoding = 4; lastKnownFileType = text.xml; path = Exported.gpx; sourceTree = "<group>"; };
		4BF6F6BD24AFADB40004219B /* ShareSheet.swift */ = {isa = PBXFileReference; lastKnownFileType = sourcecode.swift; path = ShareSheet.swift; sourceTree = "<group>"; };
		4BF6F6BF24B069100004219B /* RideMapSnapshotView.swift */ = {isa = PBXFileReference; lastKnownFileType = sourcecode.swift; path = RideMapSnapshotView.swift; sourceTree = "<group>"; };
		4BF6F6C124B06D270004219B /* GridShape.swift */ = {isa = PBXFileReference; lastKnownFileType = sourcecode.swift; path = GridShape.swift; sourceTree = "<group>"; };
		4BF6F6C524B4D7220004219B /* TrackRegion.swift */ = {isa = PBXFileReference; lastKnownFileType = sourcecode.swift; path = TrackRegion.swift; sourceTree = "<group>"; };
/* End PBXFileReference section */

/* Begin PBXFrameworksBuildPhase section */
		4B2B317D2461D9AA00726271 /* Frameworks */ = {
			isa = PBXFrameworksBuildPhase;
			buildActionMask = 2147483647;
			files = (
			);
			runOnlyForDeploymentPostprocessing = 0;
		};
		4BAB77B8245B2FE000F011A0 /* Frameworks */ = {
			isa = PBXFrameworksBuildPhase;
			buildActionMask = 2147483647;
			files = (
				4BA41B272475A7E70002D88A /* SplitView in Frameworks */,
				4BA41B3D247D7E590002D88A /* PageView in Frameworks */,
				4BA41B40247ED02E0002D88A /* Injected in Frameworks */,
				4B10F19A249A84300050EEF4 /* Localizable in Frameworks */,
				4BA41B2A247841720002D88A /* CoreDataStorage in Frameworks */,
			);
			runOnlyForDeploymentPostprocessing = 0;
		};
		4BAB77D1245B2FE200F011A0 /* Frameworks */ = {
			isa = PBXFrameworksBuildPhase;
			buildActionMask = 2147483647;
			files = (
			);
			runOnlyForDeploymentPostprocessing = 0;
		};
/* End PBXFrameworksBuildPhase section */

/* Begin PBXGroup section */
		4B10F1A6249B987A0050EEF4 /* Repositories */ = {
			isa = PBXGroup;
			children = (
				4B10F1A7249B988E0050EEF4 /* RideRepository.swift */,
			);
			path = Repositories;
			sourceTree = "<group>";
		};
		4B10F1C7249D2FF70050EEF4 /* Gauges */ = {
			isa = PBXGroup;
			children = (
				4B88C9B9245C68C800BD5DD3 /* GaugeView.swift */,
				4BA41B47247ED7DD0002D88A /* GaugesView.swift */,
				4BA41B49247ED8050002D88A /* GaugesWithIndicatorView.swift */,
				4BAB77C5245B2FE000F011A0 /* SpeedView.swift */,
			);
			name = Gauges;
			sourceTree = "<group>";
		};
		4B10F1C8249D30140050EEF4 /* Map */ = {
			isa = PBXGroup;
			children = (
				4B10F1BF249D0F090050EEF4 /* AsyncMapImage.swift */,
				4BAB77E7245B4E1E00F011A0 /* MapView.swift */,
				4BA41B182472F7310002D88A /* TrackerMapView.swift */,
				4BA41B162472F7080002D88A /* UserTrackingButton.swift */,
			);
			name = Map;
			sourceTree = "<group>";
		};
		4B10F1C9249D302C0050EEF4 /* History */ = {
			isa = PBXGroup;
			children = (
				4B10F1AB249BDBA80050EEF4 /* HistoryView.swift */,
				4BF6F6BF24B069100004219B /* RideMapSnapshotView.swift */,
				4B10F1B5249C986E0050EEF4 /* RideCellView.swift */,
				4B10F1B1249BDE0D0050EEF4 /* RideViewDetails.swift */,
				4B8C93F624B78BE400785B9D /* RideMapView.swift */,
				4B1FF0B9249E923400D7AFF1 /* RideSummaryView.swift */,
				4B1FF0BB249E95A500D7AFF1 /* RideFullSummaryView.swift */,
			);
			name = History;
			sourceTree = "<group>";
		};
		4B10F1CA249D303C0050EEF4 /* Buttons */ = {
			isa = PBXGroup;
			children = (
				4BA41B45247ED7CC0002D88A /* ActionButton.swift */,
			);
			name = Buttons;
			sourceTree = "<group>";
		};
		4B10F1CB249D30590050EEF4 /* Misc */ = {
			isa = PBXGroup;
			children = (
				4BA41B41247ED7760002D88A /* SliderControlView.swift */,
				4BA41B43247ED7A20002D88A /* PageIndicatorView.swift */,
				4B834E36248ABC8F00A0272E /* NotificationView.swift */,
				4B10F1B9249D09DD0050EEF4 /* ValueDescriptionView.swift */,
				4BF6F6BD24AFADB40004219B /* ShareSheet.swift */,
			);
			name = Misc;
			sourceTree = "<group>";
		};
		4B10F1D0249D591D0050EEF4 /* Location */ = {
			isa = PBXGroup;
			children = (
				4B1CFB6B24B5A75A004CFA02 /* Drawable */,
				4BAB77E5245B3A1000F011A0 /* LocationService.swift */,
				4B58B61B245C9FBA00B62914 /* LocationPermissions.swift */,
				4B10F1BB249D0AD60050EEF4 /* MapSnapshotService.swift */,
				4B208D8624A246B8009E5F6C /* MapSnapshotProcessor.swift */,
				4B208D8824A248F4009E5F6C /* RideTrackDrawer.swift */,
			);
			name = Location;
			sourceTree = "<group>";
		};
		4B10F1D1249D592E0050EEF4 /* Bluetooth */ = {
			isa = PBXGroup;
			children = (
				4B58B619245C9FA700B62914 /* BluetoothScanner.swift */,
				4B58B63924608EE400B62914 /* HeartRateService.swift */,
			);
			name = Bluetooth;
			sourceTree = "<group>";
		};
		4B1CFB6B24B5A75A004CFA02 /* Drawable */ = {
			isa = PBXGroup;
			children = (
				4B1CFB6C24B5A771004CFA02 /* TrackDrawer.swift */,
				4B1CFB6E24B5A788004CFA02 /* MarkerDrawer.swift */,
			);
			name = Drawable;
			sourceTree = "<group>";
		};
		4B2B31812461D9AA00726271 /* DebugBluetooth */ = {
			isa = PBXGroup;
			children = (
				4B2B31822461D9AA00726271 /* AppDelegate.swift */,
				4B2B31842461D9AA00726271 /* ContentView.swift */,
				4B2B31862461D9AB00726271 /* Assets.xcassets */,
				4B2B318B2461D9AB00726271 /* Main.storyboard */,
				4B2B318E2461D9AB00726271 /* Info.plist */,
				4B2B318F2461D9AB00726271 /* DebugBluetooth.entitlements */,
				4B2B31882461D9AB00726271 /* Preview Content */,
			);
			path = DebugBluetooth;
			sourceTree = "<group>";
		};
		4B2B31882461D9AB00726271 /* Preview Content */ = {
			isa = PBXGroup;
			children = (
				4B2B31892461D9AB00726271 /* Preview Assets.xcassets */,
			);
			path = "Preview Content";
			sourceTree = "<group>";
		};
		4B32581E24923F180046BD6F /* Coordinators */ = {
			isa = PBXGroup;
			children = (
				4B32581F24923F290046BD6F /* Coordinator.swift */,
				4B3258212492464E0046BD6F /* RootCoordinator.swift */,
				4B32582624924AA50046BD6F /* HistoryCoordinator.swift */,
			);
			path = Coordinators;
			sourceTree = "<group>";
		};
		4B3258232492499E0046BD6F /* Presenters */ = {
			isa = PBXGroup;
			children = (
				4B325824249249B20046BD6F /* RootPresenting.swift */,
			);
			path = Presenters;
			sourceTree = "<group>";
		};
		4B4EC29C24A3DAE7007B507A /* GPX */ = {
			isa = PBXGroup;
			children = (
				4B4EC29D24A3DAF6007B507A /* GPXImporter.swift */,
				4BF17BAA24ACD8F100D0345E /* GPXExporter.swift */,
			);
			name = GPX;
			sourceTree = "<group>";
		};
		4B58B62F246089BE00B62914 /* Utils */ = {
			isa = PBXGroup;
			children = (
				4BA0755524BCE08A00E42A26 /* Filters */,
				4B8C93F824B848C200785B9D /* Drawers */,
				4B5C0D7324A67BC500DBCB90 /* XML */,
				4B5C0D7424A67C0500DBCB90 /* Map */,
				4B58B630246089CB00B62914 /* AES.swift */,
				4BBB4B94246D617700CA710F /* ScaledFont.swift */,
				4BA41B102472F6AB0002D88A /* Formatters.swift */,
				4BA41B1E2472F7F30002D88A /* Timer2.swift */,
				4BA0754724B8E57A00E42A26 /* DistanceUtils.swift */,
				4BA0755124BCD09700E42A26 /* Logger.swift */,
				4BA0755324BCD66400E42A26 /* AxisValuesProvider.swift */,
			);
			path = Utils;
			sourceTree = "<group>";
		};
		4B58B63224608A7600B62914 /* Extensions */ = {
			isa = PBXGroup;
			children = (
				4BBB4B982470624900CA710F /* Color+Extension.swift */,
				4B1FF0B1249E2AA500D7AFF1 /* Collections+Extension.swift */,
				4B58B63324608A8400B62914 /* Data+Extension.swift */,
				4B10F1C3249D2B260050EEF4 /* MKMapSnapshotter+Extension.swift */,
				4BBB4B96246D619400CA710F /* View+Extension.swift */,
				4B208D8424A23943009E5F6C /* Location+Extension.swift */,
				4B208D8A24A2695C009E5F6C /* Applicable.swift */,
				4B208D8C24A273BF009E5F6C /* CGContext+Extensions.swift */,
				4B208D9624A36A89009E5F6C /* CodingUserInfoKey+Extensions.swift */,
				4B208DA124A38CFA009E5F6C /* NSPersistentContainer+Extensions.swift */,
				4B4F6DA024AB1709001E68CA /* CGPoint+Extension.swift */,
				4BF6F6AF24AE52480004219B /* DateFormatter+Extension.swift */,
			);
			path = Extensions;
			sourceTree = "<group>";
		};
		4B5C0D7324A67BC500DBCB90 /* XML */ = {
			isa = PBXGroup;
			children = (
				4BF6689924A3935B001AA07E /* NanoXML.swift */,
				4BF6F6B324AE53330004219B /* XMLNode.swift */,
				4BF6F6B124AE52680004219B /* XMLNodeEncodable.swift */,
				4BF6F6B524AE53490004219B /* XMLElement.swift */,
				4B208D9A24A37656009E5F6C /* XMLDecoder.swift */,
				4BF17BAC24ACDA0900D0345E /* XMLEncoder.swift */,
			);
			name = XML;
			sourceTree = "<group>";
		};
		4B5C0D7424A67C0500DBCB90 /* Map */ = {
			isa = PBXGroup;
			children = (
				4B10F1C1249D23A50050EEF4 /* MKMapSnapshotterSubscription.swift */,
				4B10F1BD249D0DAC0050EEF4 /* MapImageLoader.swift */,
				4B5C0D7124A67B3600DBCB90 /* MapImageCache.swift */,
			);
			name = Map;
			sourceTree = "<group>";
		};
		4B5C0D7524A67C4D00DBCB90 /* Storage */ = {
			isa = PBXGroup;
			children = (
				4B208D9F24A37EAF009E5F6C /* PersistentContainer.swift */,
				4BA41B2B247841830002D88A /* Storage.swift */,
			);
			name = Storage;
			sourceTree = "<group>";
		};
		4B5C0D7724A7AAAB00DBCB90 /* Chart */ = {
			isa = PBXGroup;
			children = (
				4B4F6DA224AB174B001E68CA /* Axis.swift */,
				4B4F6D9E24AA3664001E68CA /* MountainShape.swift */,
				4BF6F6C124B06D270004219B /* GridShape.swift */,
				4B5C0D7824A7AABF00DBCB90 /* LineChartView.swift */,
			);
			name = Chart;
			sourceTree = "<group>";
		};
		4B88C9BD245C97FF00BD5DD3 /* Services */ = {
			isa = PBXGroup;
			children = (
				4B10F1D1249D592E0050EEF4 /* Bluetooth */,
				4B4EC29C24A3DAE7007B507A /* GPX */,
				4B10F1D0249D591D0050EEF4 /* Location */,
				4B5C0D7524A67C4D00DBCB90 /* Storage */,
				4B88C9B5245C3DCD00BD5DD3 /* Service.swift */,
				4BAB77E3245B300200F011A0 /* Permissions.swift */,
				4B88C9B1245C29CB00BD5DD3 /* RideService.swift */,
			);
			path = Services;
			sourceTree = "<group>";
		};
		4B88C9BE245C982E00BD5DD3 /* Views */ = {
			isa = PBXGroup;
			children = (
				4B5C0D7724A7AAAB00DBCB90 /* Chart */,
				4B10F1CA249D303C0050EEF4 /* Buttons */,
				4B10F1C9249D302C0050EEF4 /* History */,
				4B10F1C7249D2FF70050EEF4 /* Gauges */,
				4B10F1C8249D30140050EEF4 /* Map */,
				4B10F1CB249D30590050EEF4 /* Misc */,
				4B88C9AF245C067500BD5DD3 /* ContentView.swift */,
			);
			path = Views;
			sourceTree = "<group>";
		};
		4B88C9BF245C984A00BD5DD3 /* ViewModels */ = {
			isa = PBXGroup;
			children = (
				4B10F1AF249BDC1A0050EEF4 /* ViewModel.swift */,
				4B88C9B3245C2BBC00BD5DD3 /* DurationViewModel.swift */,
				4B88C9B7245C64C800BD5DD3 /* DistanceViewModel.swift */,
				4B88C9BB245C691300BD5DD3 /* GaugeViewModel.swift */,
				4BA41B122472F6C50002D88A /* SpeedViewModel.swift */,
				4BA0756024BE3A2B00E42A26 /* AvgSpeedViewModel.swift */,
				4BA41B142472F6ED0002D88A /* MapViewModel.swift */,
				4BA41B1A2472F7550002D88A /* ContentViewModel.swift */,
				4BA41B4C2481A32C0002D88A /* GoButtonViewModel.swift */,
				4BDBAF8C248A7D5800180624 /* StopButtonViewModel.swift */,
				4B32582824924CEC0046BD6F /* NotificationViewModel.swift */,
				4B10F1AD249BDC020050EEF4 /* HistoryViewModel.swift */,
				4B10F1B7249C98A30050EEF4 /* RideViewModel.swift */,
				4B10F1C5249D2CD90050EEF4 /* RideDetailsViewModel.swift */,
				4B8C93F424B78B4500785B9D /* RideMapViewModel.swift */,
				4BA0754B24BC3D7200E42A26 /* GridShapeViewModel.swift */,
			);
			path = ViewModels;
			sourceTree = "<group>";
		};
		4B88C9C0245C985500BD5DD3 /* Models */ = {
			isa = PBXGroup;
			children = (
				4BA41B1C2472F7830002D88A /* EnvironmentMKMapView.swift */,
				4B10F1A9249B98B30050EEF4 /* Ride.swift */,
				4B10F1B3249C944C0050EEF4 /* RideSummary.swift */,
				4B10F1CC249D53D30050EEF4 /* Track.swift */,
				4B10F1CE249D53DB0050EEF4 /* TrackPoint.swift */,
				4B208D9824A36A9C009E5F6C /* TrackPoint+Decodable.swift */,
				4BF6F6C524B4D7220004219B /* TrackRegion.swift */,
				4B1FF0B3249E74DF00D7AFF1 /* Power.swift */,
				4B1FF0B5249E7EC500D7AFF1 /* Energy.swift */,
				4B1FF0B7249E821C00D7AFF1 /* Weight.swift */,
				4B4EC29A24A3BD1D007B507A /* GPXPoint.swift */,
				4BF6F6AD24AE46E80004219B /* GPXTrack.swift */,
			);
			path = Models;
			sourceTree = "<group>";
		};
		4B88C9C1245C985D00BD5DD3 /* Resources */ = {
			isa = PBXGroup;
			children = (
				4BF6F6B724AFA31A0004219B /* Afternoon_Ride.gpx */,
				4B4EC29F24A47350007B507A /* TrackSegment.gpx */,
				4B208D9224A29958009E5F6C /* NoTime.gpx */,
				4B208D9324A29958009E5F6C /* WayPoints.gpx */,
				4BF6F6BB24AFA8120004219B /* Exported.gpx */,
				4B10F1A5249A8CB70050EEF4 /* Strings.xml */,
				4BAB77C7245B2FE200F011A0 /* Assets.xcassets */,
				4BAB77CC245B2FE200F011A0 /* LaunchScreen.storyboard */,
				4BAB77C2245B2FE000F011A0 /* Fietscomputer.xcdatamodeld */,
				4B10F1A0249A85870050EEF4 /* Localizable.strings */,
			);
			path = Resources;
			sourceTree = "<group>";
		};
		4B8C93F824B848C200785B9D /* Drawers */ = {
			isa = PBXGroup;
			children = (
				4B8C93F924B848D300785B9D /* GradientPathDrawer.swift */,
				4B8C93FB24B84C3F00785B9D /* GradientPolylineRenderer.swift */,
			);
			name = Drawers;
			sourceTree = "<group>";
		};
		4BA0755524BCE08A00E42A26 /* Filters */ = {
			isa = PBXGroup;
			children = (
				4BA0755624BCE09700E42A26 /* Filter.swift */,
			);
			name = Filters;
			sourceTree = "<group>";
		};
		4BA41B0D2472F6710002D88A /* Styles */ = {
			isa = PBXGroup;
			children = (
				4BA41B0E2472F6890002D88A /* ActionButtonStyle.swift */,
				4BDBAF8E248A81CF00180624 /* RoundButtonStyle.swift */,
				4B834E38248C0B2900A0272E /* CornerRadiusStyle.swift */,
				4B32582A249250EA0046BD6F /* MenuButtonStyle.swift */,
				4B2FE5E524A4FC050011523C /* AlertButtonStyle.swift */,
			);
			path = Styles;
			sourceTree = "<group>";
		};
		4BAB77B2245B2FE000F011A0 = {
			isa = PBXGroup;
			children = (
				4BAB77BD245B2FE000F011A0 /* Fietscomputer */,
				4BAB77D7245B2FE200F011A0 /* FietscomputerTests */,
				4B2B31812461D9AA00726271 /* DebugBluetooth */,
				4BAB77BC245B2FE000F011A0 /* Products */,
			);
			sourceTree = "<group>";
		};
		4BAB77BC245B2FE000F011A0 /* Products */ = {
			isa = PBXGroup;
			children = (
				4BAB77BB245B2FE000F011A0 /* Fietscomputer.app */,
				4BAB77D4245B2FE200F011A0 /* FietscomputerTests.xctest */,
				4B2B31802461D9AA00726271 /* DebugBluetooth.app */,
			);
			name = Products;
			sourceTree = "<group>";
		};
		4BAB77BD245B2FE000F011A0 /* Fietscomputer */ = {
			isa = PBXGroup;
			children = (
				4B10F1A6249B987A0050EEF4 /* Repositories */,
				4B32581E24923F180046BD6F /* Coordinators */,
				4B58B63224608A7600B62914 /* Extensions */,
				4B88C9C0245C985500BD5DD3 /* Models */,
				4B3258232492499E0046BD6F /* Presenters */,
				4B88C9BF245C984A00BD5DD3 /* ViewModels */,
				4B88C9BE245C982E00BD5DD3 /* Views */,
				4B88C9BD245C97FF00BD5DD3 /* Services */,
				4BA41B0D2472F6710002D88A /* Styles */,
				4B58B62F246089BE00B62914 /* Utils */,
				4B88C9C1245C985D00BD5DD3 /* Resources */,
				4BAB77BE245B2FE000F011A0 /* AppDelegate.swift */,
				4BAB77C0245B2FE000F011A0 /* SceneDelegate.swift */,
				4B10F1A3249A8BFC0050EEF4 /* Strings.swift */,
				4BAB77CF245B2FE200F011A0 /* Info.plist */,
				4BAB77C9245B2FE200F011A0 /* Preview Content */,
			);
			path = Fietscomputer;
			sourceTree = "<group>";
		};
		4BAB77C9245B2FE200F011A0 /* Preview Content */ = {
			isa = PBXGroup;
			children = (
				4BAB77CA245B2FE200F011A0 /* Preview Assets.xcassets */,
			);
			path = "Preview Content";
			sourceTree = "<group>";
		};
		4BAB77D7245B2FE200F011A0 /* FietscomputerTests */ = {
			isa = PBXGroup;
			children = (
				4BAB77D8245B2FE200F011A0 /* FietscomputerTests.swift */,
				4BAB77DA245B2FE200F011A0 /* Info.plist */,
				4B208D9C24A37A75009E5F6C /* TrackPointTests.swift */,
				4B1CFB7624B6ECAD004CFA02 /* GPXUtils.swift */,
				4BA0754924BA28AF00E42A26 /* DistanceTests.swift */,
			);
			path = FietscomputerTests;
			sourceTree = "<group>";
		};
/* End PBXGroup section */

/* Begin PBXNativeTarget section */
		4B2B317F2461D9AA00726271 /* DebugBluetooth */ = {
			isa = PBXNativeTarget;
			buildConfigurationList = 4B2B31922461D9AB00726271 /* Build configuration list for PBXNativeTarget "DebugBluetooth" */;
			buildPhases = (
				4B2B317C2461D9AA00726271 /* Sources */,
				4B2B317D2461D9AA00726271 /* Frameworks */,
				4B2B317E2461D9AA00726271 /* Resources */,
			);
			buildRules = (
			);
			dependencies = (
			);
			name = DebugBluetooth;
			productName = DebugBluetooth;
			productReference = 4B2B31802461D9AA00726271 /* DebugBluetooth.app */;
			productType = "com.apple.product-type.application";
		};
		4BAB77BA245B2FE000F011A0 /* Fietscomputer */ = {
			isa = PBXNativeTarget;
			buildConfigurationList = 4BAB77DD245B2FE200F011A0 /* Build configuration list for PBXNativeTarget "Fietscomputer" */;
			buildPhases = (
				4B10F19B249A84830050EEF4 /* Localizable */,
				4BAB77B7245B2FE000F011A0 /* Sources */,
				4BAB77B8245B2FE000F011A0 /* Frameworks */,
				4BAB77B9245B2FE000F011A0 /* Resources */,
				4BA41B4B247FC2F10002D88A /* SwiftLint */,
			);
			buildRules = (
			);
			dependencies = (
			);
			name = Fietscomputer;
			packageProductDependencies = (
				4BA41B262475A7E70002D88A /* SplitView */,
				4BA41B29247841720002D88A /* CoreDataStorage */,
				4BA41B3C247D7E590002D88A /* PageView */,
				4BA41B3F247ED02E0002D88A /* Injected */,
				4B10F199249A84300050EEF4 /* Localizable */,
			);
			productName = Fietscomputer;
			productReference = 4BAB77BB245B2FE000F011A0 /* Fietscomputer.app */;
			productType = "com.apple.product-type.application";
		};
		4BAB77D3245B2FE200F011A0 /* FietscomputerTests */ = {
			isa = PBXNativeTarget;
			buildConfigurationList = 4BAB77E0245B2FE200F011A0 /* Build configuration list for PBXNativeTarget "FietscomputerTests" */;
			buildPhases = (
				4BAB77D0245B2FE200F011A0 /* Sources */,
				4BAB77D1245B2FE200F011A0 /* Frameworks */,
				4BAB77D2245B2FE200F011A0 /* Resources */,
			);
			buildRules = (
			);
			dependencies = (
				4BAB77D6245B2FE200F011A0 /* PBXTargetDependency */,
			);
			name = FietscomputerTests;
			productName = FietscomputerTests;
			productReference = 4BAB77D4245B2FE200F011A0 /* FietscomputerTests.xctest */;
			productType = "com.apple.product-type.bundle.unit-test";
		};
/* End PBXNativeTarget section */

/* Begin PBXProject section */
		4BAB77B3245B2FE000F011A0 /* Project object */ = {
			isa = PBXProject;
			attributes = {
				LastSwiftUpdateCheck = 1140;
				LastUpgradeCheck = 1150;
				ORGANIZATIONNAME = "Grigory Avdyushin";
				TargetAttributes = {
					4B2B317F2461D9AA00726271 = {
						CreatedOnToolsVersion = 11.4.1;
					};
					4BAB77BA245B2FE000F011A0 = {
						CreatedOnToolsVersion = 11.4.1;
					};
					4BAB77D3245B2FE200F011A0 = {
						CreatedOnToolsVersion = 11.4.1;
						TestTargetID = 4BAB77BA245B2FE000F011A0;
					};
				};
			};
			buildConfigurationList = 4BAB77B6245B2FE000F011A0 /* Build configuration list for PBXProject "Fietscomputer" */;
			compatibilityVersion = "Xcode 9.3";
			developmentRegion = en;
			hasScannedForEncodings = 0;
			knownRegions = (
				en,
				Base,
				ru,
				nl,
			);
			mainGroup = 4BAB77B2245B2FE000F011A0;
			packageReferences = (
				4BA41B252475A7E70002D88A /* XCRemoteSwiftPackageReference "SplitView" */,
				4BA41B28247841720002D88A /* XCRemoteSwiftPackageReference "CoreDataStorage" */,
				4BA41B3B247D7E590002D88A /* XCRemoteSwiftPackageReference "PageView" */,
				4BA41B3E247ED02E0002D88A /* XCRemoteSwiftPackageReference "Injected" */,
				4B10F198249A84300050EEF4 /* XCRemoteSwiftPackageReference "Localizable" */,
			);
			productRefGroup = 4BAB77BC245B2FE000F011A0 /* Products */;
			projectDirPath = "";
			projectRoot = "";
			targets = (
				4BAB77BA245B2FE000F011A0 /* Fietscomputer */,
				4BAB77D3245B2FE200F011A0 /* FietscomputerTests */,
				4B2B317F2461D9AA00726271 /* DebugBluetooth */,
			);
		};
/* End PBXProject section */

/* Begin PBXResourcesBuildPhase section */
		4B2B317E2461D9AA00726271 /* Resources */ = {
			isa = PBXResourcesBuildPhase;
			buildActionMask = 2147483647;
			files = (
				4B2B318D2461D9AB00726271 /* Main.storyboard in Resources */,
				4B2B318A2461D9AB00726271 /* Preview Assets.xcassets in Resources */,
				4B2B31872461D9AB00726271 /* Assets.xcassets in Resources */,
			);
			runOnlyForDeploymentPostprocessing = 0;
		};
		4BAB77B9245B2FE000F011A0 /* Resources */ = {
			isa = PBXResourcesBuildPhase;
			buildActionMask = 2147483647;
			files = (
				4BAB77CE245B2FE200F011A0 /* LaunchScreen.storyboard in Resources */,
				4B10F19E249A85870050EEF4 /* Localizable.strings in Resources */,
				4BAB77CB245B2FE200F011A0 /* Preview Assets.xcassets in Resources */,
				4BAB77C8245B2FE200F011A0 /* Assets.xcassets in Resources */,
			);
			runOnlyForDeploymentPostprocessing = 0;
		};
		4BAB77D2245B2FE200F011A0 /* Resources */ = {
			isa = PBXResourcesBuildPhase;
			buildActionMask = 2147483647;
			files = (
				4BF6689D24A39590001AA07E /* WayPoints.gpx in Resources */,
				4B4EC2A124A474C6007B507A /* TrackSegment.gpx in Resources */,
				4BF6F6B824AFA31A0004219B /* Afternoon_Ride.gpx in Resources */,
				4BF6689C24A3958D001AA07E /* NoTime.gpx in Resources */,
				4BF6F6BC24AFA8120004219B /* Exported.gpx in Resources */,
			);
			runOnlyForDeploymentPostprocessing = 0;
		};
/* End PBXResourcesBuildPhase section */

/* Begin PBXShellScriptBuildPhase section */
		4B10F19B249A84830050EEF4 /* Localizable */ = {
			isa = PBXShellScriptBuildPhase;
			buildActionMask = 2147483647;
			files = (
			);
			inputFileListPaths = (
			);
			inputPaths = (
				"$(SRCROOT)/$(TARGETNAME)/Resources/Strings.xml",
			);
			name = Localizable;
			outputFileListPaths = (
			);
			outputPaths = (
				"$(SRCROOT)/$(TARGETNAME)/Strings.swift",
			);
			runOnlyForDeploymentPostprocessing = 0;
			shellPath = /bin/sh;
			shellScript = "cd $SRCROOT/$TARGETNAME/Resources/Localizable\n./make.sh $SCRIPT_INPUT_FILE_0 .. $SCRIPT_OUTPUT_FILE_0\n";
		};
		4BA41B4B247FC2F10002D88A /* SwiftLint */ = {
			isa = PBXShellScriptBuildPhase;
			buildActionMask = 2147483647;
			files = (
			);
			inputFileListPaths = (
			);
			inputPaths = (
			);
			name = SwiftLint;
			outputFileListPaths = (
			);
			outputPaths = (
			);
			runOnlyForDeploymentPostprocessing = 0;
			shellPath = /bin/sh;
			shellScript = "if which swiftlint >/dev/null; then\n  swiftlint\nelse\n  echo \"warning: SwiftLint not installed, download from https://github.com/realm/SwiftLint\"\nfi\n";
		};
/* End PBXShellScriptBuildPhase section */

/* Begin PBXSourcesBuildPhase section */
		4B2B317C2461D9AA00726271 /* Sources */ = {
			isa = PBXSourcesBuildPhase;
			buildActionMask = 2147483647;
			files = (
				4B2B31942461D9DE00726271 /* Service.swift in Sources */,
				4B2B31932461D9BB00726271 /* BluetoothScanner.swift in Sources */,
				4B2B31952461D9E700726271 /* Data+Extension.swift in Sources */,
				4B2B31972461F98300726271 /* HeartRateService.swift in Sources */,
				4BA041202462F6AD002E4D81 /* AES.swift in Sources */,
				4B2B31852461D9AA00726271 /* ContentView.swift in Sources */,
				4B2B31832461D9AA00726271 /* AppDelegate.swift in Sources */,
			);
			runOnlyForDeploymentPostprocessing = 0;
		};
		4BAB77B7245B2FE000F011A0 /* Sources */ = {
			isa = PBXSourcesBuildPhase;
			buildActionMask = 2147483647;
			files = (
				4BDBAF8F248A81CF00180624 /* RoundButtonStyle.swift in Sources */,
				4BAB77E8245B4E1E00F011A0 /* MapView.swift in Sources */,
				4B208DA224A38CFA009E5F6C /* NSPersistentContainer+Extensions.swift in Sources */,
				4B208DA024A37EAF009E5F6C /* PersistentContainer.swift in Sources */,
				4B10F1B6249C986E0050EEF4 /* RideCellView.swift in Sources */,
				4BBB4B992470624900CA710F /* Color+Extension.swift in Sources */,
				4B2FE5E624A4FC050011523C /* AlertButtonStyle.swift in Sources */,
				4B1FF0B4249E74DF00D7AFF1 /* Power.swift in Sources */,
				4BA41B0F2472F6890002D88A /* ActionButtonStyle.swift in Sources */,
				4B10F1B8249C98A30050EEF4 /* RideViewModel.swift in Sources */,
				4BA41B48247ED7DD0002D88A /* GaugesView.swift in Sources */,
				4BF6F6BE24AFADB40004219B /* ShareSheet.swift in Sources */,
				4B10F1AA249B98B40050EEF4 /* Ride.swift in Sources */,
				4BA0755724BCE09700E42A26 /* Filter.swift in Sources */,
				4BA0755424BCD66400E42A26 /* AxisValuesProvider.swift in Sources */,
				4B208D8D24A273BF009E5F6C /* CGContext+Extensions.swift in Sources */,
				4BF6F6AE24AE46E80004219B /* GPXTrack.swift in Sources */,
				4B10F1B4249C944C0050EEF4 /* RideSummary.swift in Sources */,
				4B208D8924A248F4009E5F6C /* RideTrackDrawer.swift in Sources */,
				4B88C9B2245C29CB00BD5DD3 /* RideService.swift in Sources */,
				4BA41B1F2472F7F30002D88A /* Timer2.swift in Sources */,
				4BF6F6C224B06D270004219B /* GridShape.swift in Sources */,
				4B3258222492464E0046BD6F /* RootCoordinator.swift in Sources */,
				4BF6689A24A3935B001AA07E /* NanoXML.swift in Sources */,
				4B4F6DA324AB174B001E68CA /* Axis.swift in Sources */,
				4BA41B4D2481A32C0002D88A /* GoButtonViewModel.swift in Sources */,
				4BA0754C24BC3D7200E42A26 /* GridShapeViewModel.swift in Sources */,
				4B4F6D9F24AA3664001E68CA /* MountainShape.swift in Sources */,
				4BF17BAB24ACD8F100D0345E /* GPXExporter.swift in Sources */,
				4B10F1C2249D23A50050EEF4 /* MKMapSnapshotterSubscription.swift in Sources */,
				4B88C9B4245C2BBC00BD5DD3 /* DurationViewModel.swift in Sources */,
				4B32582B249250EA0046BD6F /* MenuButtonStyle.swift in Sources */,
				4B208D9724A36A89009E5F6C /* CodingUserInfoKey+Extensions.swift in Sources */,
				4BAB77E4245B300200F011A0 /* Permissions.swift in Sources */,
				4B8C93FA24B848D300785B9D /* GradientPathDrawer.swift in Sources */,
				4BBB4B95246D617700CA710F /* ScaledFont.swift in Sources */,
				4B208D8B24A2695C009E5F6C /* Applicable.swift in Sources */,
				4B834E39248C0B2900A0272E /* CornerRadiusStyle.swift in Sources */,
				4B1FF0BC249E95A500D7AFF1 /* RideFullSummaryView.swift in Sources */,
				4BA0756124BE3A2B00E42A26 /* AvgSpeedViewModel.swift in Sources */,
				4B58B61A245C9FA700B62914 /* BluetoothScanner.swift in Sources */,
				4B4EC29E24A3DAF6007B507A /* GPXImporter.swift in Sources */,
				4BA0755224BCD09700E42A26 /* Logger.swift in Sources */,
				4B1CFB6F24B5A788004CFA02 /* MarkerDrawer.swift in Sources */,
				4B1FF0BA249E923400D7AFF1 /* RideSummaryView.swift in Sources */,
				4B10F1B2249BDE0D0050EEF4 /* RideViewDetails.swift in Sources */,
				4B88C9BC245C691300BD5DD3 /* GaugeViewModel.swift in Sources */,
				4B88C9B0245C067600BD5DD3 /* ContentView.swift in Sources */,
				4B10F1C6249D2CD90050EEF4 /* RideDetailsViewModel.swift in Sources */,
				4BAB77BF245B2FE000F011A0 /* AppDelegate.swift in Sources */,
				4B1FF0B2249E2AA500D7AFF1 /* Collections+Extension.swift in Sources */,
				4B5C0D7224A67B3600DBCB90 /* MapImageCache.swift in Sources */,
				4B10F1AE249BDC020050EEF4 /* HistoryViewModel.swift in Sources */,
				4BA41B152472F6ED0002D88A /* MapViewModel.swift in Sources */,
				4B5C0D7924A7AABF00DBCB90 /* LineChartView.swift in Sources */,
				4BF6F6B424AE53330004219B /* XMLNode.swift in Sources */,
				4BAB77C4245B2FE000F011A0 /* Fietscomputer.xcdatamodeld in Sources */,
				4B8C93FC24B84C3F00785B9D /* GradientPolylineRenderer.swift in Sources */,
				4B58B61C245C9FBA00B62914 /* LocationPermissions.swift in Sources */,
				4B58B63A24608EE400B62914 /* HeartRateService.swift in Sources */,
				4B10F1C0249D0F090050EEF4 /* AsyncMapImage.swift in Sources */,
				4BA0754824B8E57A00E42A26 /* DistanceUtils.swift in Sources */,
				4BA41B112472F6AB0002D88A /* Formatters.swift in Sources */,
				4B10F1B0249BDC1A0050EEF4 /* ViewModel.swift in Sources */,
				4BA41B4A247ED8050002D88A /* GaugesWithIndicatorView.swift in Sources */,
				4BA41B42247ED7760002D88A /* SliderControlView.swift in Sources */,
				4B88C9BA245C68C800BD5DD3 /* GaugeView.swift in Sources */,
				4B834E37248ABC8F00A0272E /* NotificationView.swift in Sources */,
				4BF6F6C024B069100004219B /* RideMapSnapshotView.swift in Sources */,
				4B8C93F724B78BE400785B9D /* RideMapView.swift in Sources */,
				4B10F1A8249B988E0050EEF4 /* RideRepository.swift in Sources */,
				4B10F1BE249D0DAC0050EEF4 /* MapImageLoader.swift in Sources */,
				4BA41B192472F7310002D88A /* TrackerMapView.swift in Sources */,
				4B88C9B8245C64C800BD5DD3 /* DistanceViewModel.swift in Sources */,
				4BF6F6B624AE53490004219B /* XMLElement.swift in Sources */,
				4B32582024923F290046BD6F /* Coordinator.swift in Sources */,
				4B208D9924A36A9C009E5F6C /* TrackPoint+Decodable.swift in Sources */,
				4B208D8524A23943009E5F6C /* Location+Extension.swift in Sources */,
				4BAB77C6245B2FE000F011A0 /* SpeedView.swift in Sources */,
				4B1FF0B6249E7EC500D7AFF1 /* Energy.swift in Sources */,
				4B10F1A4249A8BFC0050EEF4 /* Strings.swift in Sources */,
				4B32582724924AA50046BD6F /* HistoryCoordinator.swift in Sources */,
				4BDBAF8D248A7D5800180624 /* StopButtonViewModel.swift in Sources */,
				4BF6F6B224AE52680004219B /* XMLNodeEncodable.swift in Sources */,
				4BA41B46247ED7CC0002D88A /* ActionButton.swift in Sources */,
				4BAB77E6245B3A1000F011A0 /* LocationService.swift in Sources */,
				4BF6F6B024AE52480004219B /* DateFormatter+Extension.swift in Sources */,
				4B10F1CD249D53D30050EEF4 /* Track.swift in Sources */,
				4BA41B2C247841830002D88A /* Storage.swift in Sources */,
				4B58B631246089CB00B62914 /* AES.swift in Sources */,
				4BA41B132472F6C50002D88A /* SpeedViewModel.swift in Sources */,
				4BA41B1B2472F7550002D88A /* ContentViewModel.swift in Sources */,
				4BF6F6C624B4D7220004219B /* TrackRegion.swift in Sources */,
				4B208D9B24A37656009E5F6C /* XMLDecoder.swift in Sources */,
				4B10F1CF249D53DB0050EEF4 /* TrackPoint.swift in Sources */,
				4B88C9B6245C3DCD00BD5DD3 /* Service.swift in Sources */,
				4BA41B44247ED7A20002D88A /* PageIndicatorView.swift in Sources */,
				4B4EC29B24A3BD1D007B507A /* GPXPoint.swift in Sources */,
				4B208D8724A246B8009E5F6C /* MapSnapshotProcessor.swift in Sources */,
				4B32582924924CEC0046BD6F /* NotificationViewModel.swift in Sources */,
				4BA41B1D2472F7830002D88A /* EnvironmentMKMapView.swift in Sources */,
				4B10F1BC249D0AD60050EEF4 /* MapSnapshotService.swift in Sources */,
				4B10F1BA249D09DD0050EEF4 /* ValueDescriptionView.swift in Sources */,
				4BAB77C1245B2FE000F011A0 /* SceneDelegate.swift in Sources */,
				4B1FF0B8249E821C00D7AFF1 /* Weight.swift in Sources */,
				4BF17BAD24ACDA0900D0345E /* XMLEncoder.swift in Sources */,
				4B325825249249B20046BD6F /* RootPresenting.swift in Sources */,
				4B4F6DA124AB1709001E68CA /* CGPoint+Extension.swift in Sources */,
				4B10F1C4249D2B260050EEF4 /* MKMapSnapshotter+Extension.swift in Sources */,
				4B58B63424608A8400B62914 /* Data+Extension.swift in Sources */,
				4B8C93F524B78B4500785B9D /* RideMapViewModel.swift in Sources */,
				4BBB4B97246D619400CA710F /* View+Extension.swift in Sources */,
				4B10F1AC249BDBA80050EEF4 /* HistoryView.swift in Sources */,
				4B1CFB6D24B5A771004CFA02 /* TrackDrawer.swift in Sources */,
				4BA41B172472F7080002D88A /* UserTrackingButton.swift in Sources */,
			);
			runOnlyForDeploymentPostprocessing = 0;
		};
		4BAB77D0245B2FE200F011A0 /* Sources */ = {
			isa = PBXSourcesBuildPhase;
			buildActionMask = 2147483647;
			files = (
				4BA0754A24BA28AF00E42A26 /* DistanceTests.swift in Sources */,
				4B1CFB7724B6ECAD004CFA02 /* GPXUtils.swift in Sources */,
				4B208D9D24A37A75009E5F6C /* TrackPointTests.swift in Sources */,
				4BAB77D9245B2FE200F011A0 /* FietscomputerTests.swift in Sources */,
			);
			runOnlyForDeploymentPostprocessing = 0;
		};
/* End PBXSourcesBuildPhase section */

/* Begin PBXTargetDependency section */
		4BAB77D6245B2FE200F011A0 /* PBXTargetDependency */ = {
			isa = PBXTargetDependency;
			target = 4BAB77BA245B2FE000F011A0 /* Fietscomputer */;
			targetProxy = 4BAB77D5245B2FE200F011A0 /* PBXContainerItemProxy */;
		};
/* End PBXTargetDependency section */

/* Begin PBXVariantGroup section */
		4B10F1A0249A85870050EEF4 /* Localizable.strings */ = {
			isa = PBXVariantGroup;
			children = (
				4B10F19F249A85870050EEF4 /* en */,
				4B10F1A1249A85A80050EEF4 /* ru */,
				4B10F1A2249A8B3F0050EEF4 /* nl */,
			);
			name = Localizable.strings;
			sourceTree = "<group>";
		};
		4B2B318B2461D9AB00726271 /* Main.storyboard */ = {
			isa = PBXVariantGroup;
			children = (
				4B2B318C2461D9AB00726271 /* Base */,
			);
			name = Main.storyboard;
			sourceTree = "<group>";
		};
		4BAB77CC245B2FE200F011A0 /* LaunchScreen.storyboard */ = {
			isa = PBXVariantGroup;
			children = (
				4BAB77CD245B2FE200F011A0 /* Base */,
			);
			name = LaunchScreen.storyboard;
			sourceTree = "<group>";
		};
/* End PBXVariantGroup section */

/* Begin XCBuildConfiguration section */
		4B2B31902461D9AB00726271 /* Debug */ = {
			isa = XCBuildConfiguration;
			buildSettings = {
				ASSETCATALOG_COMPILER_APPICON_NAME = AppIcon;
				CODE_SIGN_ENTITLEMENTS = DebugBluetooth/DebugBluetooth.entitlements;
				CODE_SIGN_IDENTITY = "-";
				CODE_SIGN_STYLE = Automatic;
				COMBINE_HIDPI_IMAGES = YES;
				DEVELOPMENT_ASSET_PATHS = "\"DebugBluetooth/Preview Content\"";
				DEVELOPMENT_TEAM = Q4HEW2JVA9;
				ENABLE_HARDENED_RUNTIME = YES;
				ENABLE_PREVIEWS = YES;
				INFOPLIST_FILE = DebugBluetooth/Info.plist;
				LD_RUNPATH_SEARCH_PATHS = (
					"$(inherited)",
					"@executable_path/../Frameworks",
				);
				MACOSX_DEPLOYMENT_TARGET = 10.15;
				PRODUCT_BUNDLE_IDENTIFIER = ru.avdyushin.DebugBluetooth;
				PRODUCT_NAME = "$(TARGET_NAME)";
				SDKROOT = macosx;
				SWIFT_VERSION = 5.0;
			};
			name = Debug;
		};
		4B2B31912461D9AB00726271 /* Release */ = {
			isa = XCBuildConfiguration;
			buildSettings = {
				ASSETCATALOG_COMPILER_APPICON_NAME = AppIcon;
				CODE_SIGN_ENTITLEMENTS = DebugBluetooth/DebugBluetooth.entitlements;
				CODE_SIGN_IDENTITY = "-";
				CODE_SIGN_STYLE = Automatic;
				COMBINE_HIDPI_IMAGES = YES;
				DEVELOPMENT_ASSET_PATHS = "\"DebugBluetooth/Preview Content\"";
				DEVELOPMENT_TEAM = Q4HEW2JVA9;
				ENABLE_HARDENED_RUNTIME = YES;
				ENABLE_PREVIEWS = YES;
				INFOPLIST_FILE = DebugBluetooth/Info.plist;
				LD_RUNPATH_SEARCH_PATHS = (
					"$(inherited)",
					"@executable_path/../Frameworks",
				);
				MACOSX_DEPLOYMENT_TARGET = 10.15;
				PRODUCT_BUNDLE_IDENTIFIER = ru.avdyushin.DebugBluetooth;
				PRODUCT_NAME = "$(TARGET_NAME)";
				SDKROOT = macosx;
				SWIFT_VERSION = 5.0;
			};
			name = Release;
		};
		4BAB77DB245B2FE200F011A0 /* Debug */ = {
			isa = XCBuildConfiguration;
			buildSettings = {
				ALWAYS_SEARCH_USER_PATHS = NO;
				CLANG_ANALYZER_LOCALIZABILITY_NONLOCALIZED = YES;
				CLANG_ANALYZER_NONNULL = YES;
				CLANG_ANALYZER_NUMBER_OBJECT_CONVERSION = YES_AGGRESSIVE;
				CLANG_CXX_LANGUAGE_STANDARD = "gnu++14";
				CLANG_CXX_LIBRARY = "libc++";
				CLANG_ENABLE_MODULES = YES;
				CLANG_ENABLE_OBJC_ARC = YES;
				CLANG_ENABLE_OBJC_WEAK = YES;
				CLANG_WARN_BLOCK_CAPTURE_AUTORELEASING = YES;
				CLANG_WARN_BOOL_CONVERSION = YES;
				CLANG_WARN_COMMA = YES;
				CLANG_WARN_CONSTANT_CONVERSION = YES;
				CLANG_WARN_DEPRECATED_OBJC_IMPLEMENTATIONS = YES;
				CLANG_WARN_DIRECT_OBJC_ISA_USAGE = YES_ERROR;
				CLANG_WARN_DOCUMENTATION_COMMENTS = YES;
				CLANG_WARN_EMPTY_BODY = YES;
				CLANG_WARN_ENUM_CONVERSION = YES;
				CLANG_WARN_INFINITE_RECURSION = YES;
				CLANG_WARN_INT_CONVERSION = YES;
				CLANG_WARN_NON_LITERAL_NULL_CONVERSION = YES;
				CLANG_WARN_OBJC_IMPLICIT_RETAIN_SELF = YES;
				CLANG_WARN_OBJC_LITERAL_CONVERSION = YES;
				CLANG_WARN_OBJC_ROOT_CLASS = YES_ERROR;
				CLANG_WARN_RANGE_LOOP_ANALYSIS = YES;
				CLANG_WARN_STRICT_PROTOTYPES = YES;
				CLANG_WARN_SUSPICIOUS_MOVE = YES;
				CLANG_WARN_UNGUARDED_AVAILABILITY = YES_AGGRESSIVE;
				CLANG_WARN_UNREACHABLE_CODE = YES;
				CLANG_WARN__DUPLICATE_METHOD_MATCH = YES;
				COPY_PHASE_STRIP = NO;
				DEBUG_INFORMATION_FORMAT = dwarf;
				ENABLE_STRICT_OBJC_MSGSEND = YES;
				ENABLE_TESTABILITY = YES;
				GCC_C_LANGUAGE_STANDARD = gnu11;
				GCC_DYNAMIC_NO_PIC = NO;
				GCC_NO_COMMON_BLOCKS = YES;
				GCC_OPTIMIZATION_LEVEL = 0;
				GCC_PREPROCESSOR_DEFINITIONS = (
					"DEBUG=1",
					"$(inherited)",
				);
				GCC_WARN_64_TO_32_BIT_CONVERSION = YES;
				GCC_WARN_ABOUT_RETURN_TYPE = YES_ERROR;
				GCC_WARN_UNDECLARED_SELECTOR = YES;
				GCC_WARN_UNINITIALIZED_AUTOS = YES_AGGRESSIVE;
				GCC_WARN_UNUSED_FUNCTION = YES;
				GCC_WARN_UNUSED_VARIABLE = YES;
				IPHONEOS_DEPLOYMENT_TARGET = 13.0;
				MACOSX_DEPLOYMENT_TARGET = 10.15;
				MTL_ENABLE_DEBUG_INFO = INCLUDE_SOURCE;
				MTL_FAST_MATH = YES;
				ONLY_ACTIVE_ARCH = YES;
				SDKROOT = iphoneos;
				SWIFT_ACTIVE_COMPILATION_CONDITIONS = DEBUG;
				SWIFT_OPTIMIZATION_LEVEL = "-Onone";
			};
			name = Debug;
		};
		4BAB77DC245B2FE200F011A0 /* Release */ = {
			isa = XCBuildConfiguration;
			buildSettings = {
				ALWAYS_SEARCH_USER_PATHS = NO;
				CLANG_ANALYZER_LOCALIZABILITY_NONLOCALIZED = YES;
				CLANG_ANALYZER_NONNULL = YES;
				CLANG_ANALYZER_NUMBER_OBJECT_CONVERSION = YES_AGGRESSIVE;
				CLANG_CXX_LANGUAGE_STANDARD = "gnu++14";
				CLANG_CXX_LIBRARY = "libc++";
				CLANG_ENABLE_MODULES = YES;
				CLANG_ENABLE_OBJC_ARC = YES;
				CLANG_ENABLE_OBJC_WEAK = YES;
				CLANG_WARN_BLOCK_CAPTURE_AUTORELEASING = YES;
				CLANG_WARN_BOOL_CONVERSION = YES;
				CLANG_WARN_COMMA = YES;
				CLANG_WARN_CONSTANT_CONVERSION = YES;
				CLANG_WARN_DEPRECATED_OBJC_IMPLEMENTATIONS = YES;
				CLANG_WARN_DIRECT_OBJC_ISA_USAGE = YES_ERROR;
				CLANG_WARN_DOCUMENTATION_COMMENTS = YES;
				CLANG_WARN_EMPTY_BODY = YES;
				CLANG_WARN_ENUM_CONVERSION = YES;
				CLANG_WARN_INFINITE_RECURSION = YES;
				CLANG_WARN_INT_CONVERSION = YES;
				CLANG_WARN_NON_LITERAL_NULL_CONVERSION = YES;
				CLANG_WARN_OBJC_IMPLICIT_RETAIN_SELF = YES;
				CLANG_WARN_OBJC_LITERAL_CONVERSION = YES;
				CLANG_WARN_OBJC_ROOT_CLASS = YES_ERROR;
				CLANG_WARN_RANGE_LOOP_ANALYSIS = YES;
				CLANG_WARN_STRICT_PROTOTYPES = YES;
				CLANG_WARN_SUSPICIOUS_MOVE = YES;
				CLANG_WARN_UNGUARDED_AVAILABILITY = YES_AGGRESSIVE;
				CLANG_WARN_UNREACHABLE_CODE = YES;
				CLANG_WARN__DUPLICATE_METHOD_MATCH = YES;
				COPY_PHASE_STRIP = NO;
				DEBUG_INFORMATION_FORMAT = "dwarf-with-dsym";
				ENABLE_NS_ASSERTIONS = NO;
				ENABLE_STRICT_OBJC_MSGSEND = YES;
				GCC_C_LANGUAGE_STANDARD = gnu11;
				GCC_NO_COMMON_BLOCKS = YES;
				GCC_WARN_64_TO_32_BIT_CONVERSION = YES;
				GCC_WARN_ABOUT_RETURN_TYPE = YES_ERROR;
				GCC_WARN_UNDECLARED_SELECTOR = YES;
				GCC_WARN_UNINITIALIZED_AUTOS = YES_AGGRESSIVE;
				GCC_WARN_UNUSED_FUNCTION = YES;
				GCC_WARN_UNUSED_VARIABLE = YES;
				IPHONEOS_DEPLOYMENT_TARGET = 13.0;
				MACOSX_DEPLOYMENT_TARGET = 10.15;
				MTL_ENABLE_DEBUG_INFO = NO;
				MTL_FAST_MATH = YES;
				SDKROOT = iphoneos;
				SWIFT_COMPILATION_MODE = wholemodule;
				SWIFT_OPTIMIZATION_LEVEL = "-O";
				VALIDATE_PRODUCT = YES;
			};
			name = Release;
		};
		4BAB77DE245B2FE200F011A0 /* Debug */ = {
			isa = XCBuildConfiguration;
			buildSettings = {
				ASSETCATALOG_COMPILER_APPICON_NAME = AppIcon;
				CODE_SIGN_STYLE = Automatic;
				DEVELOPMENT_ASSET_PATHS = "\"Fietscomputer/Preview Content\"";
				DEVELOPMENT_TEAM = Q4HEW2JVA9;
				ENABLE_PREVIEWS = YES;
				INFOPLIST_FILE = Fietscomputer/Info.plist;
				LD_RUNPATH_SEARCH_PATHS = (
					"$(inherited)",
					"@executable_path/Frameworks",
				);
				PRODUCT_BUNDLE_IDENTIFIER = ru.avdyushin.Fietscomputer;
				PRODUCT_NAME = "$(TARGET_NAME)";
				SWIFT_VERSION = 5.0;
				TARGETED_DEVICE_FAMILY = 1;
			};
			name = Debug;
		};
		4BAB77DF245B2FE200F011A0 /* Release */ = {
			isa = XCBuildConfiguration;
			buildSettings = {
				ASSETCATALOG_COMPILER_APPICON_NAME = AppIcon;
				CODE_SIGN_STYLE = Automatic;
				DEVELOPMENT_ASSET_PATHS = "\"Fietscomputer/Preview Content\"";
				DEVELOPMENT_TEAM = Q4HEW2JVA9;
				ENABLE_PREVIEWS = YES;
				INFOPLIST_FILE = Fietscomputer/Info.plist;
				LD_RUNPATH_SEARCH_PATHS = (
					"$(inherited)",
					"@executable_path/Frameworks",
				);
				PRODUCT_BUNDLE_IDENTIFIER = ru.avdyushin.Fietscomputer;
				PRODUCT_NAME = "$(TARGET_NAME)";
				SWIFT_VERSION = 5.0;
				TARGETED_DEVICE_FAMILY = 1;
			};
			name = Release;
		};
		4BAB77E1245B2FE200F011A0 /* Debug */ = {
			isa = XCBuildConfiguration;
			buildSettings = {
				ALWAYS_EMBED_SWIFT_STANDARD_LIBRARIES = YES;
				BUNDLE_LOADER = "$(TEST_HOST)";
				CODE_SIGN_STYLE = Automatic;
				DEVELOPMENT_TEAM = Q4HEW2JVA9;
				INFOPLIST_FILE = FietscomputerTests/Info.plist;
				IPHONEOS_DEPLOYMENT_TARGET = 13.4;
				LD_RUNPATH_SEARCH_PATHS = (
					"$(inherited)",
					"@executable_path/Frameworks",
					"@loader_path/Frameworks",
				);
				PRODUCT_BUNDLE_IDENTIFIER = ru.avdyushin.FietscomputerTests;
				PRODUCT_NAME = "$(TARGET_NAME)";
				SWIFT_VERSION = 5.0;
				TARGETED_DEVICE_FAMILY = "1,2";
				TEST_HOST = "$(BUILT_PRODUCTS_DIR)/Fietscomputer.app/Fietscomputer";
			};
			name = Debug;
		};
		4BAB77E2245B2FE200F011A0 /* Release */ = {
			isa = XCBuildConfiguration;
			buildSettings = {
				ALWAYS_EMBED_SWIFT_STANDARD_LIBRARIES = YES;
				BUNDLE_LOADER = "$(TEST_HOST)";
				CODE_SIGN_STYLE = Automatic;
				DEVELOPMENT_TEAM = Q4HEW2JVA9;
				INFOPLIST_FILE = FietscomputerTests/Info.plist;
				IPHONEOS_DEPLOYMENT_TARGET = 13.4;
				LD_RUNPATH_SEARCH_PATHS = (
					"$(inherited)",
					"@executable_path/Frameworks",
					"@loader_path/Frameworks",
				);
				PRODUCT_BUNDLE_IDENTIFIER = ru.avdyushin.FietscomputerTests;
				PRODUCT_NAME = "$(TARGET_NAME)";
				SWIFT_VERSION = 5.0;
				TARGETED_DEVICE_FAMILY = "1,2";
				TEST_HOST = "$(BUILT_PRODUCTS_DIR)/Fietscomputer.app/Fietscomputer";
			};
			name = Release;
		};
/* End XCBuildConfiguration section */

/* Begin XCConfigurationList section */
		4B2B31922461D9AB00726271 /* Build configuration list for PBXNativeTarget "DebugBluetooth" */ = {
			isa = XCConfigurationList;
			buildConfigurations = (
				4B2B31902461D9AB00726271 /* Debug */,
				4B2B31912461D9AB00726271 /* Release */,
			);
			defaultConfigurationIsVisible = 0;
			defaultConfigurationName = Release;
		};
		4BAB77B6245B2FE000F011A0 /* Build configuration list for PBXProject "Fietscomputer" */ = {
			isa = XCConfigurationList;
			buildConfigurations = (
				4BAB77DB245B2FE200F011A0 /* Debug */,
				4BAB77DC245B2FE200F011A0 /* Release */,
			);
			defaultConfigurationIsVisible = 0;
			defaultConfigurationName = Release;
		};
		4BAB77DD245B2FE200F011A0 /* Build configuration list for PBXNativeTarget "Fietscomputer" */ = {
			isa = XCConfigurationList;
			buildConfigurations = (
				4BAB77DE245B2FE200F011A0 /* Debug */,
				4BAB77DF245B2FE200F011A0 /* Release */,
			);
			defaultConfigurationIsVisible = 0;
			defaultConfigurationName = Release;
		};
		4BAB77E0245B2FE200F011A0 /* Build configuration list for PBXNativeTarget "FietscomputerTests" */ = {
			isa = XCConfigurationList;
			buildConfigurations = (
				4BAB77E1245B2FE200F011A0 /* Debug */,
				4BAB77E2245B2FE200F011A0 /* Release */,
			);
			defaultConfigurationIsVisible = 0;
			defaultConfigurationName = Release;
		};
/* End XCConfigurationList section */

/* Begin XCRemoteSwiftPackageReference section */
		4B10F198249A84300050EEF4 /* XCRemoteSwiftPackageReference "Localizable" */ = {
			isa = XCRemoteSwiftPackageReference;
			repositoryURL = "https://github.com/avdyushin/Localizable";
			requirement = {
				kind = upToNextMajorVersion;
				minimumVersion = 1.0.1;
			};
		};
		4BA41B252475A7E70002D88A /* XCRemoteSwiftPackageReference "SplitView" */ = {
			isa = XCRemoteSwiftPackageReference;
			repositoryURL = "https://github.com/avdyushin/SplitView";
			requirement = {
				kind = upToNextMajorVersion;
				minimumVersion = 1.0.3;
			};
		};
		4BA41B28247841720002D88A /* XCRemoteSwiftPackageReference "CoreDataStorage" */ = {
			isa = XCRemoteSwiftPackageReference;
			repositoryURL = "https://github.com/avdyushin/CoreDataStorage";
			requirement = {
				kind = upToNextMajorVersion;
				minimumVersion = 1.0.1;
			};
		};
		4BA41B3B247D7E590002D88A /* XCRemoteSwiftPackageReference "PageView" */ = {
			isa = XCRemoteSwiftPackageReference;
			repositoryURL = "https://github.com/avdyushin/PageView";
			requirement = {
				kind = upToNextMajorVersion;
				minimumVersion = 1.0.3;
			};
		};
		4BA41B3E247ED02E0002D88A /* XCRemoteSwiftPackageReference "Injected" */ = {
			isa = XCRemoteSwiftPackageReference;
			repositoryURL = "https://github.com/avdyushin/Injected";
			requirement = {
				kind = upToNextMajorVersion;
				minimumVersion = 1.0.1;
			};
		};
/* End XCRemoteSwiftPackageReference section */

/* Begin XCSwiftPackageProductDependency section */
		4B10F199249A84300050EEF4 /* Localizable */ = {
			isa = XCSwiftPackageProductDependency;
			package = 4B10F198249A84300050EEF4 /* XCRemoteSwiftPackageReference "Localizable" */;
			productName = Localizable;
		};
		4BA41B262475A7E70002D88A /* SplitView */ = {
			isa = XCSwiftPackageProductDependency;
			package = 4BA41B252475A7E70002D88A /* XCRemoteSwiftPackageReference "SplitView" */;
			productName = SplitView;
		};
		4BA41B29247841720002D88A /* CoreDataStorage */ = {
			isa = XCSwiftPackageProductDependency;
			package = 4BA41B28247841720002D88A /* XCRemoteSwiftPackageReference "CoreDataStorage" */;
			productName = CoreDataStorage;
		};
		4BA41B3C247D7E590002D88A /* PageView */ = {
			isa = XCSwiftPackageProductDependency;
			package = 4BA41B3B247D7E590002D88A /* XCRemoteSwiftPackageReference "PageView" */;
			productName = PageView;
		};
		4BA41B3F247ED02E0002D88A /* Injected */ = {
			isa = XCSwiftPackageProductDependency;
			package = 4BA41B3E247ED02E0002D88A /* XCRemoteSwiftPackageReference "Injected" */;
			productName = Injected;
		};
/* End XCSwiftPackageProductDependency section */

/* Begin XCVersionGroup section */
		4BAB77C2245B2FE000F011A0 /* Fietscomputer.xcdatamodeld */ = {
			isa = XCVersionGroup;
			children = (
				4BAB77C3245B2FE000F011A0 /* Fietscomputer.xcdatamodel */,
			);
			currentVersion = 4BAB77C3245B2FE000F011A0 /* Fietscomputer.xcdatamodel */;
			path = Fietscomputer.xcdatamodeld;
			sourceTree = "<group>";
			versionGroupType = wrapper.xcdatamodel;
		};
/* End XCVersionGroup section */
	};
	rootObject = 4BAB77B3245B2FE000F011A0 /* Project object */;
}
