// !$*UTF8*$!
{
	archiveVersion = 1;
	classes = {
	};
	objectVersion = 50;
	objects = {

/* Begin PBXBuildFile section */
		4B88C9B0245C067600BD5DD3 /* ContentView.swift in Sources */ = {isa = PBXBuildFile; fileRef = 4B88C9AF245C067500BD5DD3 /* ContentView.swift */; };
		4B88C9B2245C29CB00BD5DD3 /* RideService.swift in Sources */ = {isa = PBXBuildFile; fileRef = 4B88C9B1245C29CB00BD5DD3 /* RideService.swift */; };
		4B88C9B4245C2BBC00BD5DD3 /* DurationViewModel.swift in Sources */ = {isa = PBXBuildFile; fileRef = 4B88C9B3245C2BBC00BD5DD3 /* DurationViewModel.swift */; };
		4B88C9B6245C3DCD00BD5DD3 /* Dependencies.swift in Sources */ = {isa = PBXBuildFile; fileRef = 4B88C9B5245C3DCD00BD5DD3 /* Dependencies.swift */; };
		4B88C9B8245C64C800BD5DD3 /* DistanceViewModel.swift in Sources */ = {isa = PBXBuildFile; fileRef = 4B88C9B7245C64C800BD5DD3 /* DistanceViewModel.swift */; };
		4B88C9BA245C68C800BD5DD3 /* GaugeView.swift in Sources */ = {isa = PBXBuildFile; fileRef = 4B88C9B9245C68C800BD5DD3 /* GaugeView.swift */; };
		4B88C9BC245C691300BD5DD3 /* GaugeViewModel.swift in Sources */ = {isa = PBXBuildFile; fileRef = 4B88C9BB245C691300BD5DD3 /* GaugeViewModel.swift */; };
		4BAB77BF245B2FE000F011A0 /* AppDelegate.swift in Sources */ = {isa = PBXBuildFile; fileRef = 4BAB77BE245B2FE000F011A0 /* AppDelegate.swift */; };
		4BAB77C1245B2FE000F011A0 /* SceneDelegate.swift in Sources */ = {isa = PBXBuildFile; fileRef = 4BAB77C0245B2FE000F011A0 /* SceneDelegate.swift */; };
		4BAB77C4245B2FE000F011A0 /* Fietscomputer.xcdatamodeld in Sources */ = {isa = PBXBuildFile; fileRef = 4BAB77C2245B2FE000F011A0 /* Fietscomputer.xcdatamodeld */; };
		4BAB77C6245B2FE000F011A0 /* SpeedView.swift in Sources */ = {isa = PBXBuildFile; fileRef = 4BAB77C5245B2FE000F011A0 /* SpeedView.swift */; };
		4BAB77C8245B2FE200F011A0 /* Assets.xcassets in Resources */ = {isa = PBXBuildFile; fileRef = 4BAB77C7245B2FE200F011A0 /* Assets.xcassets */; };
		4BAB77CB245B2FE200F011A0 /* Preview Assets.xcassets in Resources */ = {isa = PBXBuildFile; fileRef = 4BAB77CA245B2FE200F011A0 /* Preview Assets.xcassets */; };
		4BAB77CE245B2FE200F011A0 /* LaunchScreen.storyboard in Resources */ = {isa = PBXBuildFile; fileRef = 4BAB77CC245B2FE200F011A0 /* LaunchScreen.storyboard */; };
		4BAB77D9245B2FE200F011A0 /* FietscomputerTests.swift in Sources */ = {isa = PBXBuildFile; fileRef = 4BAB77D8245B2FE200F011A0 /* FietscomputerTests.swift */; };
		4BAB77E4245B300200F011A0 /* Permissions.swift in Sources */ = {isa = PBXBuildFile; fileRef = 4BAB77E3245B300200F011A0 /* Permissions.swift */; };
		4BAB77E6245B3A1000F011A0 /* LocationService.swift in Sources */ = {isa = PBXBuildFile; fileRef = 4BAB77E5245B3A1000F011A0 /* LocationService.swift */; };
		4BAB77E8245B4E1E00F011A0 /* MapView.swift in Sources */ = {isa = PBXBuildFile; fileRef = 4BAB77E7245B4E1E00F011A0 /* MapView.swift */; };
/* End PBXBuildFile section */

/* Begin PBXContainerItemProxy section */
		4BAB77D5245B2FE200F011A0 /* PBXContainerItemProxy */ = {
			isa = PBXContainerItemProxy;
			containerPortal = 4BAB77B3245B2FE000F011A0 /* Project object */;
			proxyType = 1;
			remoteGlobalIDString = 4BAB77BA245B2FE000F011A0;
			remoteInfo = Fietscomputer;
		};
/* End PBXContainerItemProxy section */

/* Begin PBXFileReference section */
		4B88C9AF245C067500BD5DD3 /* ContentView.swift */ = {isa = PBXFileReference; fileEncoding = 4; lastKnownFileType = sourcecode.swift; path = ContentView.swift; sourceTree = "<group>"; };
		4B88C9B1245C29CB00BD5DD3 /* RideService.swift */ = {isa = PBXFileReference; lastKnownFileType = sourcecode.swift; path = RideService.swift; sourceTree = "<group>"; };
		4B88C9B3245C2BBC00BD5DD3 /* DurationViewModel.swift */ = {isa = PBXFileReference; lastKnownFileType = sourcecode.swift; path = DurationViewModel.swift; sourceTree = "<group>"; };
		4B88C9B5245C3DCD00BD5DD3 /* Dependencies.swift */ = {isa = PBXFileReference; lastKnownFileType = sourcecode.swift; path = Dependencies.swift; sourceTree = "<group>"; };
		4B88C9B7245C64C800BD5DD3 /* DistanceViewModel.swift */ = {isa = PBXFileReference; lastKnownFileType = sourcecode.swift; path = DistanceViewModel.swift; sourceTree = "<group>"; };
		4B88C9B9245C68C800BD5DD3 /* GaugeView.swift */ = {isa = PBXFileReference; lastKnownFileType = sourcecode.swift; path = GaugeView.swift; sourceTree = "<group>"; };
		4B88C9BB245C691300BD5DD3 /* GaugeViewModel.swift */ = {isa = PBXFileReference; lastKnownFileType = sourcecode.swift; path = GaugeViewModel.swift; sourceTree = "<group>"; };
		4BAB77BB245B2FE000F011A0 /* Fietscomputer.app */ = {isa = PBXFileReference; explicitFileType = wrapper.application; includeInIndex = 0; path = Fietscomputer.app; sourceTree = BUILT_PRODUCTS_DIR; };
		4BAB77BE245B2FE000F011A0 /* AppDelegate.swift */ = {isa = PBXFileReference; lastKnownFileType = sourcecode.swift; path = AppDelegate.swift; sourceTree = "<group>"; };
		4BAB77C0245B2FE000F011A0 /* SceneDelegate.swift */ = {isa = PBXFileReference; lastKnownFileType = sourcecode.swift; path = SceneDelegate.swift; sourceTree = "<group>"; };
		4BAB77C3245B2FE000F011A0 /* Fietscomputer.xcdatamodel */ = {isa = PBXFileReference; lastKnownFileType = wrapper.xcdatamodel; path = Fietscomputer.xcdatamodel; sourceTree = "<group>"; };
		4BAB77C5245B2FE000F011A0 /* SpeedView.swift */ = {isa = PBXFileReference; lastKnownFileType = sourcecode.swift; path = SpeedView.swift; sourceTree = "<group>"; };
		4BAB77C7245B2FE200F011A0 /* Assets.xcassets */ = {isa = PBXFileReference; lastKnownFileType = folder.assetcatalog; path = Assets.xcassets; sourceTree = "<group>"; };
		4BAB77CA245B2FE200F011A0 /* Preview Assets.xcassets */ = {isa = PBXFileReference; lastKnownFileType = folder.assetcatalog; path = "Preview Assets.xcassets"; sourceTree = "<group>"; };
		4BAB77CD245B2FE200F011A0 /* Base */ = {isa = PBXFileReference; lastKnownFileType = file.storyboard; name = Base; path = Base.lproj/LaunchScreen.storyboard; sourceTree = "<group>"; };
		4BAB77CF245B2FE200F011A0 /* Info.plist */ = {isa = PBXFileReference; lastKnownFileType = text.plist.xml; path = Info.plist; sourceTree = "<group>"; };
		4BAB77D4245B2FE200F011A0 /* FietscomputerTests.xctest */ = {isa = PBXFileReference; explicitFileType = wrapper.cfbundle; includeInIndex = 0; path = FietscomputerTests.xctest; sourceTree = BUILT_PRODUCTS_DIR; };
		4BAB77D8245B2FE200F011A0 /* FietscomputerTests.swift */ = {isa = PBXFileReference; lastKnownFileType = sourcecode.swift; path = FietscomputerTests.swift; sourceTree = "<group>"; };
		4BAB77DA245B2FE200F011A0 /* Info.plist */ = {isa = PBXFileReference; lastKnownFileType = text.plist.xml; path = Info.plist; sourceTree = "<group>"; };
		4BAB77E3245B300200F011A0 /* Permissions.swift */ = {isa = PBXFileReference; lastKnownFileType = sourcecode.swift; path = Permissions.swift; sourceTree = "<group>"; };
		4BAB77E5245B3A1000F011A0 /* LocationService.swift */ = {isa = PBXFileReference; lastKnownFileType = sourcecode.swift; path = LocationService.swift; sourceTree = "<group>"; };
		4BAB77E7245B4E1E00F011A0 /* MapView.swift */ = {isa = PBXFileReference; lastKnownFileType = sourcecode.swift; path = MapView.swift; sourceTree = "<group>"; };
/* End PBXFileReference section */

/* Begin PBXFrameworksBuildPhase section */
		4BAB77B8245B2FE000F011A0 /* Frameworks */ = {
			isa = PBXFrameworksBuildPhase;
			buildActionMask = 2147483647;
			files = (
			);
			runOnlyForDeploymentPostprocessing = 0;
		};
		4BAB77D1245B2FE200F011A0 /* Frameworks */ = {
			isa = PBXFrameworksBuildPhase;
			buildActionMask = 2147483647;
			files = (
			);
			runOnlyForDeploymentPostprocessing = 0;
		};
/* End PBXFrameworksBuildPhase section */

/* Begin PBXGroup section */
		4B88C9BD245C97FF00BD5DD3 /* Services */ = {
			isa = PBXGroup;
			children = (
				4B88C9B5245C3DCD00BD5DD3 /* Dependencies.swift */,
				4BAB77E5245B3A1000F011A0 /* LocationService.swift */,
				4BAB77E3245B300200F011A0 /* Permissions.swift */,
				4B88C9B1245C29CB00BD5DD3 /* RideService.swift */,
			);
			path = Services;
			sourceTree = "<group>";
		};
		4B88C9BE245C982E00BD5DD3 /* Views */ = {
			isa = PBXGroup;
			children = (
				4B88C9AF245C067500BD5DD3 /* ContentView.swift */,
				4BAB77E7245B4E1E00F011A0 /* MapView.swift */,
				4BAB77C5245B2FE000F011A0 /* SpeedView.swift */,
				4B88C9B9245C68C800BD5DD3 /* GaugeView.swift */,
			);
			path = Views;
			sourceTree = "<group>";
		};
		4B88C9BF245C984A00BD5DD3 /* ViewModels */ = {
			isa = PBXGroup;
			children = (
				4B88C9B3245C2BBC00BD5DD3 /* DurationViewModel.swift */,
				4B88C9B7245C64C800BD5DD3 /* DistanceViewModel.swift */,
				4B88C9BB245C691300BD5DD3 /* GaugeViewModel.swift */,
			);
			path = ViewModels;
			sourceTree = "<group>";
		};
		4B88C9C0245C985500BD5DD3 /* Models */ = {
			isa = PBXGroup;
			children = (
			);
			path = Models;
			sourceTree = "<group>";
		};
		4B88C9C1245C985D00BD5DD3 /* Resources */ = {
			isa = PBXGroup;
			children = (
				4BAB77C7245B2FE200F011A0 /* Assets.xcassets */,
				4BAB77CC245B2FE200F011A0 /* LaunchScreen.storyboard */,
				4BAB77C2245B2FE000F011A0 /* Fietscomputer.xcdatamodeld */,
			);
			path = Resources;
			sourceTree = "<group>";
		};
		4BAB77B2245B2FE000F011A0 = {
			isa = PBXGroup;
			children = (
				4BAB77BD245B2FE000F011A0 /* Fietscomputer */,
				4BAB77D7245B2FE200F011A0 /* FietscomputerTests */,
				4BAB77BC245B2FE000F011A0 /* Products */,
			);
			sourceTree = "<group>";
		};
		4BAB77BC245B2FE000F011A0 /* Products */ = {
			isa = PBXGroup;
			children = (
				4BAB77BB245B2FE000F011A0 /* Fietscomputer.app */,
				4BAB77D4245B2FE200F011A0 /* FietscomputerTests.xctest */,
			);
			name = Products;
			sourceTree = "<group>";
		};
		4BAB77BD245B2FE000F011A0 /* Fietscomputer */ = {
			isa = PBXGroup;
			children = (
				4B88C9C0245C985500BD5DD3 /* Models */,
				4B88C9BF245C984A00BD5DD3 /* ViewModels */,
				4B88C9BE245C982E00BD5DD3 /* Views */,
				4B88C9BD245C97FF00BD5DD3 /* Services */,
				4B88C9C1245C985D00BD5DD3 /* Resources */,
				4BAB77BE245B2FE000F011A0 /* AppDelegate.swift */,
				4BAB77C0245B2FE000F011A0 /* SceneDelegate.swift */,
				4BAB77CF245B2FE200F011A0 /* Info.plist */,
				4BAB77C9245B2FE200F011A0 /* Preview Content */,
			);
			path = Fietscomputer;
			sourceTree = "<group>";
		};
		4BAB77C9245B2FE200F011A0 /* Preview Content */ = {
			isa = PBXGroup;
			children = (
				4BAB77CA245B2FE200F011A0 /* Preview Assets.xcassets */,
			);
			path = "Preview Content";
			sourceTree = "<group>";
		};
		4BAB77D7245B2FE200F011A0 /* FietscomputerTests */ = {
			isa = PBXGroup;
			children = (
				4BAB77D8245B2FE200F011A0 /* FietscomputerTests.swift */,
				4BAB77DA245B2FE200F011A0 /* Info.plist */,
			);
			path = FietscomputerTests;
			sourceTree = "<group>";
		};
/* End PBXGroup section */

/* Begin PBXNativeTarget section */
		4BAB77BA245B2FE000F011A0 /* Fietscomputer */ = {
			isa = PBXNativeTarget;
			buildConfigurationList = 4BAB77DD245B2FE200F011A0 /* Build configuration list for PBXNativeTarget "Fietscomputer" */;
			buildPhases = (
				4BAB77B7245B2FE000F011A0 /* Sources */,
				4BAB77B8245B2FE000F011A0 /* Frameworks */,
				4BAB77B9245B2FE000F011A0 /* Resources */,
			);
			buildRules = (
			);
			dependencies = (
			);
			name = Fietscomputer;
			productName = Fietscomputer;
			productReference = 4BAB77BB245B2FE000F011A0 /* Fietscomputer.app */;
			productType = "com.apple.product-type.application";
		};
		4BAB77D3245B2FE200F011A0 /* FietscomputerTests */ = {
			isa = PBXNativeTarget;
			buildConfigurationList = 4BAB77E0245B2FE200F011A0 /* Build configuration list for PBXNativeTarget "FietscomputerTests" */;
			buildPhases = (
				4BAB77D0245B2FE200F011A0 /* Sources */,
				4BAB77D1245B2FE200F011A0 /* Frameworks */,
				4BAB77D2245B2FE200F011A0 /* Resources */,
			);
			buildRules = (
			);
			dependencies = (
				4BAB77D6245B2FE200F011A0 /* PBXTargetDependency */,
			);
			name = FietscomputerTests;
			productName = FietscomputerTests;
			productReference = 4BAB77D4245B2FE200F011A0 /* FietscomputerTests.xctest */;
			productType = "com.apple.product-type.bundle.unit-test";
		};
/* End PBXNativeTarget section */

/* Begin PBXProject section */
		4BAB77B3245B2FE000F011A0 /* Project object */ = {
			isa = PBXProject;
			attributes = {
				LastSwiftUpdateCheck = 1140;
				LastUpgradeCheck = 1140;
				ORGANIZATIONNAME = "Grigory Avdyushin";
				TargetAttributes = {
					4BAB77BA245B2FE000F011A0 = {
						CreatedOnToolsVersion = 11.4.1;
					};
					4BAB77D3245B2FE200F011A0 = {
						CreatedOnToolsVersion = 11.4.1;
						TestTargetID = 4BAB77BA245B2FE000F011A0;
					};
				};
			};
			buildConfigurationList = 4BAB77B6245B2FE000F011A0 /* Build configuration list for PBXProject "Fietscomputer" */;
			compatibilityVersion = "Xcode 9.3";
			developmentRegion = en;
			hasScannedForEncodings = 0;
			knownRegions = (
				en,
				Base,
			);
			mainGroup = 4BAB77B2245B2FE000F011A0;
			productRefGroup = 4BAB77BC245B2FE000F011A0 /* Products */;
			projectDirPath = "";
			projectRoot = "";
			targets = (
				4BAB77BA245B2FE000F011A0 /* Fietscomputer */,
				4BAB77D3245B2FE200F011A0 /* FietscomputerTests */,
			);
		};
/* End PBXProject section */

/* Begin PBXResourcesBuildPhase section */
		4BAB77B9245B2FE000F011A0 /* Resources */ = {
			isa = PBXResourcesBuildPhase;
			buildActionMask = 2147483647;
			files = (
				4BAB77CE245B2FE200F011A0 /* LaunchScreen.storyboard in Resources */,
				4BAB77CB245B2FE200F011A0 /* Preview Assets.xcassets in Resources */,
				4BAB77C8245B2FE200F011A0 /* Assets.xcassets in Resources */,
			);
			runOnlyForDeploymentPostprocessing = 0;
		};
		4BAB77D2245B2FE200F011A0 /* Resources */ = {
			isa = PBXResourcesBuildPhase;
			buildActionMask = 2147483647;
			files = (
			);
			runOnlyForDeploymentPostprocessing = 0;
		};
/* End PBXResourcesBuildPhase section */

/* Begin PBXSourcesBuildPhase section */
		4BAB77B7245B2FE000F011A0 /* Sources */ = {
			isa = PBXSourcesBuildPhase;
			buildActionMask = 2147483647;
			files = (
				4BAB77E8245B4E1E00F011A0 /* MapView.swift in Sources */,
				4B88C9B2245C29CB00BD5DD3 /* RideService.swift in Sources */,
				4B88C9B4245C2BBC00BD5DD3 /* DurationViewModel.swift in Sources */,
				4BAB77E4245B300200F011A0 /* Permissions.swift in Sources */,
				4B88C9BC245C691300BD5DD3 /* GaugeViewModel.swift in Sources */,
				4B88C9B0245C067600BD5DD3 /* ContentView.swift in Sources */,
				4BAB77BF245B2FE000F011A0 /* AppDelegate.swift in Sources */,
				4BAB77C4245B2FE000F011A0 /* Fietscomputer.xcdatamodeld in Sources */,
				4B88C9BA245C68C800BD5DD3 /* GaugeView.swift in Sources */,
				4B88C9B8245C64C800BD5DD3 /* DistanceViewModel.swift in Sources */,
				4BAB77C6245B2FE000F011A0 /* SpeedView.swift in Sources */,
				4BAB77E6245B3A1000F011A0 /* LocationService.swift in Sources */,
				4B88C9B6245C3DCD00BD5DD3 /* Dependencies.swift in Sources */,
				4BAB77C1245B2FE000F011A0 /* SceneDelegate.swift in Sources */,
			);
			runOnlyForDeploymentPostprocessing = 0;
		};
		4BAB77D0245B2FE200F011A0 /* Sources */ = {
			isa = PBXSourcesBuildPhase;
			buildActionMask = 2147483647;
			files = (
				4BAB77D9245B2FE200F011A0 /* FietscomputerTests.swift in Sources */,
			);
			runOnlyForDeploymentPostprocessing = 0;
		};
/* End PBXSourcesBuildPhase section */

/* Begin PBXTargetDependency section */
		4BAB77D6245B2FE200F011A0 /* PBXTargetDependency */ = {
			isa = PBXTargetDependency;
			target = 4BAB77BA245B2FE000F011A0 /* Fietscomputer */;
			targetProxy = 4BAB77D5245B2FE200F011A0 /* PBXContainerItemProxy */;
		};
/* End PBXTargetDependency section */

/* Begin PBXVariantGroup section */
		4BAB77CC245B2FE200F011A0 /* LaunchScreen.storyboard */ = {
			isa = PBXVariantGroup;
			children = (
				4BAB77CD245B2FE200F011A0 /* Base */,
			);
			name = LaunchScreen.storyboard;
			sourceTree = "<group>";
		};
/* End PBXVariantGroup section */

/* Begin XCBuildConfiguration section */
		4BAB77DB245B2FE200F011A0 /* Debug */ = {
			isa = XCBuildConfiguration;
			buildSettings = {
				ALWAYS_SEARCH_USER_PATHS = NO;
				CLANG_ANALYZER_NONNULL = YES;
				CLANG_ANALYZER_NUMBER_OBJECT_CONVERSION = YES_AGGRESSIVE;
				CLANG_CXX_LANGUAGE_STANDARD = "gnu++14";
				CLANG_CXX_LIBRARY = "libc++";
				CLANG_ENABLE_MODULES = YES;
				CLANG_ENABLE_OBJC_ARC = YES;
				CLANG_ENABLE_OBJC_WEAK = YES;
				CLANG_WARN_BLOCK_CAPTURE_AUTORELEASING = YES;
				CLANG_WARN_BOOL_CONVERSION = YES;
				CLANG_WARN_COMMA = YES;
				CLANG_WARN_CONSTANT_CONVERSION = YES;
				CLANG_WARN_DEPRECATED_OBJC_IMPLEMENTATIONS = YES;
				CLANG_WARN_DIRECT_OBJC_ISA_USAGE = YES_ERROR;
				CLANG_WARN_DOCUMENTATION_COMMENTS = YES;
				CLANG_WARN_EMPTY_BODY = YES;
				CLANG_WARN_ENUM_CONVERSION = YES;
				CLANG_WARN_INFINITE_RECURSION = YES;
				CLANG_WARN_INT_CONVERSION = YES;
				CLANG_WARN_NON_LITERAL_NULL_CONVERSION = YES;
				CLANG_WARN_OBJC_IMPLICIT_RETAIN_SELF = YES;
				CLANG_WARN_OBJC_LITERAL_CONVERSION = YES;
				CLANG_WARN_OBJC_ROOT_CLASS = YES_ERROR;
				CLANG_WARN_RANGE_LOOP_ANALYSIS = YES;
				CLANG_WARN_STRICT_PROTOTYPES = YES;
				CLANG_WARN_SUSPICIOUS_MOVE = YES;
				CLANG_WARN_UNGUARDED_AVAILABILITY = YES_AGGRESSIVE;
				CLANG_WARN_UNREACHABLE_CODE = YES;
				CLANG_WARN__DUPLICATE_METHOD_MATCH = YES;
				COPY_PHASE_STRIP = NO;
				DEBUG_INFORMATION_FORMAT = dwarf;
				ENABLE_STRICT_OBJC_MSGSEND = YES;
				ENABLE_TESTABILITY = YES;
				GCC_C_LANGUAGE_STANDARD = gnu11;
				GCC_DYNAMIC_NO_PIC = NO;
				GCC_NO_COMMON_BLOCKS = YES;
				GCC_OPTIMIZATION_LEVEL = 0;
				GCC_PREPROCESSOR_DEFINITIONS = (
					"DEBUG=1",
					"$(inherited)",
				);
				GCC_WARN_64_TO_32_BIT_CONVERSION = YES;
				GCC_WARN_ABOUT_RETURN_TYPE = YES_ERROR;
				GCC_WARN_UNDECLARED_SELECTOR = YES;
				GCC_WARN_UNINITIALIZED_AUTOS = YES_AGGRESSIVE;
				GCC_WARN_UNUSED_FUNCTION = YES;
				GCC_WARN_UNUSED_VARIABLE = YES;
				IPHONEOS_DEPLOYMENT_TARGET = 13.4;
				MTL_ENABLE_DEBUG_INFO = INCLUDE_SOURCE;
				MTL_FAST_MATH = YES;
				ONLY_ACTIVE_ARCH = YES;
				SDKROOT = iphoneos;
				SWIFT_ACTIVE_COMPILATION_CONDITIONS = DEBUG;
				SWIFT_OPTIMIZATION_LEVEL = "-Onone";
			};
			name = Debug;
		};
		4BAB77DC245B2FE200F011A0 /* Release */ = {
			isa = XCBuildConfiguration;
			buildSettings = {
				ALWAYS_SEARCH_USER_PATHS = NO;
				CLANG_ANALYZER_NONNULL = YES;
				CLANG_ANALYZER_NUMBER_OBJECT_CONVERSION = YES_AGGRESSIVE;
				CLANG_CXX_LANGUAGE_STANDARD = "gnu++14";
				CLANG_CXX_LIBRARY = "libc++";
				CLANG_ENABLE_MODULES = YES;
				CLANG_ENABLE_OBJC_ARC = YES;
				CLANG_ENABLE_OBJC_WEAK = YES;
				CLANG_WARN_BLOCK_CAPTURE_AUTORELEASING = YES;
				CLANG_WARN_BOOL_CONVERSION = YES;
				CLANG_WARN_COMMA = YES;
				CLANG_WARN_CONSTANT_CONVERSION = YES;
				CLANG_WARN_DEPRECATED_OBJC_IMPLEMENTATIONS = YES;
				CLANG_WARN_DIRECT_OBJC_ISA_USAGE = YES_ERROR;
				CLANG_WARN_DOCUMENTATION_COMMENTS = YES;
				CLANG_WARN_EMPTY_BODY = YES;
				CLANG_WARN_ENUM_CONVERSION = YES;
				CLANG_WARN_INFINITE_RECURSION = YES;
				CLANG_WARN_INT_CONVERSION = YES;
				CLANG_WARN_NON_LITERAL_NULL_CONVERSION = YES;
				CLANG_WARN_OBJC_IMPLICIT_RETAIN_SELF = YES;
				CLANG_WARN_OBJC_LITERAL_CONVERSION = YES;
				CLANG_WARN_OBJC_ROOT_CLASS = YES_ERROR;
				CLANG_WARN_RANGE_LOOP_ANALYSIS = YES;
				CLANG_WARN_STRICT_PROTOTYPES = YES;
				CLANG_WARN_SUSPICIOUS_MOVE = YES;
				CLANG_WARN_UNGUARDED_AVAILABILITY = YES_AGGRESSIVE;
				CLANG_WARN_UNREACHABLE_CODE = YES;
				CLANG_WARN__DUPLICATE_METHOD_MATCH = YES;
				COPY_PHASE_STRIP = NO;
				DEBUG_INFORMATION_FORMAT = "dwarf-with-dsym";
				ENABLE_NS_ASSERTIONS = NO;
				ENABLE_STRICT_OBJC_MSGSEND = YES;
				GCC_C_LANGUAGE_STANDARD = gnu11;
				GCC_NO_COMMON_BLOCKS = YES;
				GCC_WARN_64_TO_32_BIT_CONVERSION = YES;
				GCC_WARN_ABOUT_RETURN_TYPE = YES_ERROR;
				GCC_WARN_UNDECLARED_SELECTOR = YES;
				GCC_WARN_UNINITIALIZED_AUTOS = YES_AGGRESSIVE;
				GCC_WARN_UNUSED_FUNCTION = YES;
				GCC_WARN_UNUSED_VARIABLE = YES;
				IPHONEOS_DEPLOYMENT_TARGET = 13.4;
				MTL_ENABLE_DEBUG_INFO = NO;
				MTL_FAST_MATH = YES;
				SDKROOT = iphoneos;
				SWIFT_COMPILATION_MODE = wholemodule;
				SWIFT_OPTIMIZATION_LEVEL = "-O";
				VALIDATE_PRODUCT = YES;
			};
			name = Release;
		};
		4BAB77DE245B2FE200F011A0 /* Debug */ = {
			isa = XCBuildConfiguration;
			buildSettings = {
				ASSETCATALOG_COMPILER_APPICON_NAME = AppIcon;
				CODE_SIGN_STYLE = Automatic;
				DEVELOPMENT_ASSET_PATHS = "\"Fietscomputer/Preview Content\"";
				DEVELOPMENT_TEAM = Q4HEW2JVA9;
				ENABLE_PREVIEWS = YES;
				INFOPLIST_FILE = Fietscomputer/Info.plist;
				LD_RUNPATH_SEARCH_PATHS = (
					"$(inherited)",
					"@executable_path/Frameworks",
				);
				PRODUCT_BUNDLE_IDENTIFIER = ru.avdyushin.Fietscomputer;
				PRODUCT_NAME = "$(TARGET_NAME)";
				SWIFT_VERSION = 5.0;
				TARGETED_DEVICE_FAMILY = "1,2";
			};
			name = Debug;
		};
		4BAB77DF245B2FE200F011A0 /* Release */ = {
			isa = XCBuildConfiguration;
			buildSettings = {
				ASSETCATALOG_COMPILER_APPICON_NAME = AppIcon;
				CODE_SIGN_STYLE = Automatic;
				DEVELOPMENT_ASSET_PATHS = "\"Fietscomputer/Preview Content\"";
				DEVELOPMENT_TEAM = Q4HEW2JVA9;
				ENABLE_PREVIEWS = YES;
				INFOPLIST_FILE = Fietscomputer/Info.plist;
				LD_RUNPATH_SEARCH_PATHS = (
					"$(inherited)",
					"@executable_path/Frameworks",
				);
				PRODUCT_BUNDLE_IDENTIFIER = ru.avdyushin.Fietscomputer;
				PRODUCT_NAME = "$(TARGET_NAME)";
				SWIFT_VERSION = 5.0;
				TARGETED_DEVICE_FAMILY = "1,2";
			};
			name = Release;
		};
		4BAB77E1245B2FE200F011A0 /* Debug */ = {
			isa = XCBuildConfiguration;
			buildSettings = {
				ALWAYS_EMBED_SWIFT_STANDARD_LIBRARIES = YES;
				BUNDLE_LOADER = "$(TEST_HOST)";
				CODE_SIGN_STYLE = Automatic;
				DEVELOPMENT_TEAM = Q4HEW2JVA9;
				INFOPLIST_FILE = FietscomputerTests/Info.plist;
				IPHONEOS_DEPLOYMENT_TARGET = 13.4;
				LD_RUNPATH_SEARCH_PATHS = (
					"$(inherited)",
					"@executable_path/Frameworks",
					"@loader_path/Frameworks",
				);
				PRODUCT_BUNDLE_IDENTIFIER = ru.avdyushin.FietscomputerTests;
				PRODUCT_NAME = "$(TARGET_NAME)";
				SWIFT_VERSION = 5.0;
				TARGETED_DEVICE_FAMILY = "1,2";
				TEST_HOST = "$(BUILT_PRODUCTS_DIR)/Fietscomputer.app/Fietscomputer";
			};
			name = Debug;
		};
		4BAB77E2245B2FE200F011A0 /* Release */ = {
			isa = XCBuildConfiguration;
			buildSettings = {
				ALWAYS_EMBED_SWIFT_STANDARD_LIBRARIES = YES;
				BUNDLE_LOADER = "$(TEST_HOST)";
				CODE_SIGN_STYLE = Automatic;
				DEVELOPMENT_TEAM = Q4HEW2JVA9;
				INFOPLIST_FILE = FietscomputerTests/Info.plist;
				IPHONEOS_DEPLOYMENT_TARGET = 13.4;
				LD_RUNPATH_SEARCH_PATHS = (
					"$(inherited)",
					"@executable_path/Frameworks",
					"@loader_path/Frameworks",
				);
				PRODUCT_BUNDLE_IDENTIFIER = ru.avdyushin.FietscomputerTests;
				PRODUCT_NAME = "$(TARGET_NAME)";
				SWIFT_VERSION = 5.0;
				TARGETED_DEVICE_FAMILY = "1,2";
				TEST_HOST = "$(BUILT_PRODUCTS_DIR)/Fietscomputer.app/Fietscomputer";
			};
			name = Release;
		};
/* End XCBuildConfiguration section */

/* Begin XCConfigurationList section */
		4BAB77B6245B2FE000F011A0 /* Build configuration list for PBXProject "Fietscomputer" */ = {
			isa = XCConfigurationList;
			buildConfigurations = (
				4BAB77DB245B2FE200F011A0 /* Debug */,
				4BAB77DC245B2FE200F011A0 /* Release */,
			);
			defaultConfigurationIsVisible = 0;
			defaultConfigurationName = Release;
		};
		4BAB77DD245B2FE200F011A0 /* Build configuration list for PBXNativeTarget "Fietscomputer" */ = {
			isa = XCConfigurationList;
			buildConfigurations = (
				4BAB77DE245B2FE200F011A0 /* Debug */,
				4BAB77DF245B2FE200F011A0 /* Release */,
			);
			defaultConfigurationIsVisible = 0;
			defaultConfigurationName = Release;
		};
		4BAB77E0245B2FE200F011A0 /* Build configuration list for PBXNativeTarget "FietscomputerTests" */ = {
			isa = XCConfigurationList;
			buildConfigurations = (
				4BAB77E1245B2FE200F011A0 /* Debug */,
				4BAB77E2245B2FE200F011A0 /* Release */,
			);
			defaultConfigurationIsVisible = 0;
			defaultConfigurationName = Release;
		};
/* End XCConfigurationList section */

/* Begin XCVersionGroup section */
		4BAB77C2245B2FE000F011A0 /* Fietscomputer.xcdatamodeld */ = {
			isa = XCVersionGroup;
			children = (
				4BAB77C3245B2FE000F011A0 /* Fietscomputer.xcdatamodel */,
			);
			currentVersion = 4BAB77C3245B2FE000F011A0 /* Fietscomputer.xcdatamodel */;
			path = Fietscomputer.xcdatamodeld;
			sourceTree = "<group>";
			versionGroupType = wrapper.xcdatamodel;
		};
/* End XCVersionGroup section */
	};
	rootObject = 4BAB77B3245B2FE000F011A0 /* Project object */;
}
