{
  "object": {
    "pins": [
      {
        "package": "CoreDataStorage",
        "repositoryURL": "https://github.com/avdyushin/CoreDataStorage",
        "state": {
          "branch": null,
          "revision": "cc73dae39ae86ca3bd5eac7653ad83e8d10a3c14",
          "version": "1.0.0"
        }
      },
      {
        "package": "Injected",
        "repositoryURL": "https://github.com/avdyushin/Injected",
        "state": {
          "branch": null,
          "revision": "b58d7b8216610dc8c3bb971394437c998f13625e",
          "version": "1.0.1"
        }
      },
      {
        "package": "PageView",
        "repositoryURL": "https://github.com/avdyushin/PageView",
        "state": {
          "branch": null,
          "revision": "5f1f1246548b86e09626c0ba4eaf72e8d649c182",
          "version": "1.0.2"
        }
      },
      {
        "package": "SplitView",
        "repositoryURL": "https://github.com/avdyushin/SplitView",
        "state": {
          "branch": null,
          "revision": "30ac004dd5668499f055981c462d856b9e35c3b2",
          "version": "1.0.3"
        }
      }
    ]
  },
  "version": 1
}
