{
  "object": {
    "pins": [
      {
        "package": "CoreDataStorage",
        "repositoryURL": "https://github.com/avdyushin/CoreDataStorage",
        "state": {
          "branch": null,
          "revision": "cc73dae39ae86ca3bd5eac7653ad83e8d10a3c14",
          "version": "1.0.0"
        }
      },
      {
        "package": "SplitView",
        "repositoryURL": "https://github.com/avdyushin/SplitView",
        "state": {
          "branch": null,
          "revision": "30ac004dd5668499f055981c462d856b9e35c3b2",
          "version": "1.0.3"
        }
      }
    ]
  },
  "version": 1
}
